
Microsoft Visual Studio Solution File, Format Version 12.00
# Visual Studio 15
VisualStudioVersion = 15.0.26228.4
MinimumVisualStudioVersion = 10.0.40219.1
Project("{9A19103F-16F7-4668-BE54-9A1E7A4F7556}") = "Example", "Example\Example.csproj", "{A708DC7A-3D7A-4CD8-8735-709D7C8AA447}"
EndProject
Project("{9A19103F-16F7-4668-BE54-9A1E7A4F7556}") = "PdfSharpCore", "PdfSharpCore\PdfSharpCore.csproj", "{698E271B-97B3-4FD8-A81D-0B149033FB9A}"
EndProject
Project("{9A19103F-16F7-4668-BE54-9A1E7A4F7556}") = "PdfSharpCore.Charting", "PdfSharpCore.Charting\PdfSharpCore.Charting.csproj", "{0F2207FE-7E51-43D6-84C0-FE0A07FB5616}"
EndProject
Project("{9A19103F-16F7-4668-BE54-9A1E7A4F7556}") = "MigraDocCore.DocumentObjectModel", "MigraDocCore.DocumentObjectModel\MigraDocCore.DocumentObjectModel.csproj", "{A685C8AE-8B5A-4489-AC01-53CB679F5C12}"
EndProject
Project("{9A19103F-16F7-4668-BE54-9A1E7A4F7556}") = "MigraDocCore.Rendering", "MigraDocCore.Rendering\MigraDocCore.Rendering.csproj", "{3E2CE8E1-21C5-41C6-9C94-EFC7E49A7404}"
EndProject
Project("{FAE04EC0-301F-11D3-BF4B-00C04F79EFBC}") = "PdfSharpCore.Android", "PdfSharpCore.Android\PdfSharpCore.Android.csproj", "{C02F61A3-7CC5-421A-BA7A-B5CDB9344042}"
EndProject
Project("{9A19103F-16F7-4668-BE54-9A1E7A4F7556}") = "PdfSharpCore.ImageSharp", "PdfSharpCore.ImageSharp\PdfSharpCore.ImageSharp.csproj", "{1BA1F5E2-D82F-4969-BADD-7387E6DAF435}"
EndProject
Project("{FAE04EC0-301F-11D3-BF4B-00C04F79EFBC}") = "PdfSharpCore.Uwp", "PdfSharpCore.Uwp\PdfSharpCore.Uwp.csproj", "{2C340E5B-096F-496B-B975-3E5440F3DB8E}"
EndProject
Global
	GlobalSection(SolutionConfigurationPlatforms) = preSolution
		Debug|Any CPU = Debug|Any CPU
		Debug|ARM = Debug|ARM
		Debug|x64 = Debug|x64
		Debug|x86 = Debug|x86
		Release|Any CPU = Release|Any CPU
		Release|ARM = Release|ARM
		Release|x64 = Release|x64
		Release|x86 = Release|x86
	EndGlobalSection
	GlobalSection(ProjectConfigurationPlatforms) = postSolution
		{A708DC7A-3D7A-4CD8-8735-709D7C8AA447}.Debug|Any CPU.ActiveCfg = Debug|Any CPU
		{A708DC7A-3D7A-4CD8-8735-709D7C8AA447}.Debug|Any CPU.Build.0 = Debug|Any CPU
		{A708DC7A-3D7A-4CD8-8735-709D7C8AA447}.Debug|ARM.ActiveCfg = Debug|Any CPU
		{A708DC7A-3D7A-4CD8-8735-709D7C8AA447}.Debug|ARM.Build.0 = Debug|Any CPU
		{A708DC7A-3D7A-4CD8-8735-709D7C8AA447}.Debug|x64.ActiveCfg = Debug|Any CPU
		{A708DC7A-3D7A-4CD8-8735-709D7C8AA447}.Debug|x64.Build.0 = Debug|Any CPU
		{A708DC7A-3D7A-4CD8-8735-709D7C8AA447}.Debug|x86.ActiveCfg = Debug|Any CPU
		{A708DC7A-3D7A-4CD8-8735-709D7C8AA447}.Debug|x86.Build.0 = Debug|Any CPU
		{A708DC7A-3D7A-4CD8-8735-709D7C8AA447}.Release|Any CPU.ActiveCfg = Release|Any CPU
		{A708DC7A-3D7A-4CD8-8735-709D7C8AA447}.Release|Any CPU.Build.0 = Release|Any CPU
		{A708DC7A-3D7A-4CD8-8735-709D7C8AA447}.Release|ARM.ActiveCfg = Release|Any CPU
		{A708DC7A-3D7A-4CD8-8735-709D7C8AA447}.Release|ARM.Build.0 = Release|Any CPU
		{A708DC7A-3D7A-4CD8-8735-709D7C8AA447}.Release|x64.ActiveCfg = Release|Any CPU
		{A708DC7A-3D7A-4CD8-8735-709D7C8AA447}.Release|x64.Build.0 = Release|Any CPU
		{A708DC7A-3D7A-4CD8-8735-709D7C8AA447}.Release|x86.ActiveCfg = Release|Any CPU
		{A708DC7A-3D7A-4CD8-8735-709D7C8AA447}.Release|x86.Build.0 = Release|Any CPU
		{698E271B-97B3-4FD8-A81D-0B149033FB9A}.Debug|Any CPU.ActiveCfg = Debug|Any CPU
		{698E271B-97B3-4FD8-A81D-0B149033FB9A}.Debug|Any CPU.Build.0 = Debug|Any CPU
		{698E271B-97B3-4FD8-A81D-0B149033FB9A}.Debug|ARM.ActiveCfg = Debug|Any CPU
		{698E271B-97B3-4FD8-A81D-0B149033FB9A}.Debug|ARM.Build.0 = Debug|Any CPU
		{698E271B-97B3-4FD8-A81D-0B149033FB9A}.Debug|x64.ActiveCfg = Debug|Any CPU
		{698E271B-97B3-4FD8-A81D-0B149033FB9A}.Debug|x64.Build.0 = Debug|Any CPU
		{698E271B-97B3-4FD8-A81D-0B149033FB9A}.Debug|x86.ActiveCfg = Debug|Any CPU
		{698E271B-97B3-4FD8-A81D-0B149033FB9A}.Debug|x86.Build.0 = Debug|Any CPU
		{698E271B-97B3-4FD8-A81D-0B149033FB9A}.Release|Any CPU.ActiveCfg = Release|Any CPU
		{698E271B-97B3-4FD8-A81D-0B149033FB9A}.Release|Any CPU.Build.0 = Release|Any CPU
		{698E271B-97B3-4FD8-A81D-0B149033FB9A}.Release|ARM.ActiveCfg = Release|Any CPU
		{698E271B-97B3-4FD8-A81D-0B149033FB9A}.Release|ARM.Build.0 = Release|Any CPU
		{698E271B-97B3-4FD8-A81D-0B149033FB9A}.Release|x64.ActiveCfg = Release|Any CPU
		{698E271B-97B3-4FD8-A81D-0B149033FB9A}.Release|x64.Build.0 = Release|Any CPU
		{698E271B-97B3-4FD8-A81D-0B149033FB9A}.Release|x86.ActiveCfg = Release|Any CPU
		{698E271B-97B3-4FD8-A81D-0B149033FB9A}.Release|x86.Build.0 = Release|Any CPU
		{0F2207FE-7E51-43D6-84C0-FE0A07FB5616}.Debug|Any CPU.ActiveCfg = Debug|Any CPU
		{0F2207FE-7E51-43D6-84C0-FE0A07FB5616}.Debug|Any CPU.Build.0 = Debug|Any CPU
		{0F2207FE-7E51-43D6-84C0-FE0A07FB5616}.Debug|ARM.ActiveCfg = Debug|Any CPU
		{0F2207FE-7E51-43D6-84C0-FE0A07FB5616}.Debug|ARM.Build.0 = Debug|Any CPU
		{0F2207FE-7E51-43D6-84C0-FE0A07FB5616}.Debug|x64.ActiveCfg = Debug|Any CPU
		{0F2207FE-7E51-43D6-84C0-FE0A07FB5616}.Debug|x64.Build.0 = Debug|Any CPU
		{0F2207FE-7E51-43D6-84C0-FE0A07FB5616}.Debug|x86.ActiveCfg = Debug|Any CPU
		{0F2207FE-7E51-43D6-84C0-FE0A07FB5616}.Debug|x86.Build.0 = Debug|Any CPU
		{0F2207FE-7E51-43D6-84C0-FE0A07FB5616}.Release|Any CPU.ActiveCfg = Release|Any CPU
		{0F2207FE-7E51-43D6-84C0-FE0A07FB5616}.Release|Any CPU.Build.0 = Release|Any CPU
		{0F2207FE-7E51-43D6-84C0-FE0A07FB5616}.Release|ARM.ActiveCfg = Release|Any CPU
		{0F2207FE-7E51-43D6-84C0-FE0A07FB5616}.Release|ARM.Build.0 = Release|Any CPU
		{0F2207FE-7E51-43D6-84C0-FE0A07FB5616}.Release|x64.ActiveCfg = Release|Any CPU
		{0F2207FE-7E51-43D6-84C0-FE0A07FB5616}.Release|x64.Build.0 = Release|Any CPU
		{0F2207FE-7E51-43D6-84C0-FE0A07FB5616}.Release|x86.ActiveCfg = Release|Any CPU
		{0F2207FE-7E51-43D6-84C0-FE0A07FB5616}.Release|x86.Build.0 = Release|Any CPU
		{A685C8AE-8B5A-4489-AC01-53CB679F5C12}.Debug|Any CPU.ActiveCfg = Debug|Any CPU
		{A685C8AE-8B5A-4489-AC01-53CB679F5C12}.Debug|Any CPU.Build.0 = Debug|Any CPU
		{A685C8AE-8B5A-4489-AC01-53CB679F5C12}.Debug|ARM.ActiveCfg = Debug|Any CPU
		{A685C8AE-8B5A-4489-AC01-53CB679F5C12}.Debug|ARM.Build.0 = Debug|Any CPU
		{A685C8AE-8B5A-4489-AC01-53CB679F5C12}.Debug|x64.ActiveCfg = Debug|Any CPU
		{A685C8AE-8B5A-4489-AC01-53CB679F5C12}.Debug|x64.Build.0 = Debug|Any CPU
		{A685C8AE-8B5A-4489-AC01-53CB679F5C12}.Debug|x86.ActiveCfg = Debug|Any CPU
		{A685C8AE-8B5A-4489-AC01-53CB679F5C12}.Debug|x86.Build.0 = Debug|Any CPU
		{A685C8AE-8B5A-4489-AC01-53CB679F5C12}.Release|Any CPU.ActiveCfg = Release|Any CPU
		{A685C8AE-8B5A-4489-AC01-53CB679F5C12}.Release|Any CPU.Build.0 = Release|Any CPU
		{A685C8AE-8B5A-4489-AC01-53CB679F5C12}.Release|ARM.ActiveCfg = Release|Any CPU
		{A685C8AE-8B5A-4489-AC01-53CB679F5C12}.Release|ARM.Build.0 = Release|Any CPU
		{A685C8AE-8B5A-4489-AC01-53CB679F5C12}.Release|x64.ActiveCfg = Release|Any CPU
		{A685C8AE-8B5A-4489-AC01-53CB679F5C12}.Release|x64.Build.0 = Release|Any CPU
		{A685C8AE-8B5A-4489-AC01-53CB679F5C12}.Release|x86.ActiveCfg = Release|Any CPU
		{A685C8AE-8B5A-4489-AC01-53CB679F5C12}.Release|x86.Build.0 = Release|Any CPU
		{3E2CE8E1-21C5-41C6-9C94-EFC7E49A7404}.Debug|Any CPU.ActiveCfg = Debug|Any CPU
		{3E2CE8E1-21C5-41C6-9C94-EFC7E49A7404}.Debug|Any CPU.Build.0 = Debug|Any CPU
		{3E2CE8E1-21C5-41C6-9C94-EFC7E49A7404}.Debug|ARM.ActiveCfg = Debug|Any CPU
		{3E2CE8E1-21C5-41C6-9C94-EFC7E49A7404}.Debug|ARM.Build.0 = Debug|Any CPU
		{3E2CE8E1-21C5-41C6-9C94-EFC7E49A7404}.Debug|x64.ActiveCfg = Debug|Any CPU
		{3E2CE8E1-21C5-41C6-9C94-EFC7E49A7404}.Debug|x64.Build.0 = Debug|Any CPU
		{3E2CE8E1-21C5-41C6-9C94-EFC7E49A7404}.Debug|x86.ActiveCfg = Debug|Any CPU
		{3E2CE8E1-21C5-41C6-9C94-EFC7E49A7404}.Debug|x86.Build.0 = Debug|Any CPU
		{3E2CE8E1-21C5-41C6-9C94-EFC7E49A7404}.Release|Any CPU.ActiveCfg = Release|Any CPU
		{3E2CE8E1-21C5-41C6-9C94-EFC7E49A7404}.Release|Any CPU.Build.0 = Release|Any CPU
		{3E2CE8E1-21C5-41C6-9C94-EFC7E49A7404}.Release|ARM.ActiveCfg = Release|Any CPU
		{3E2CE8E1-21C5-41C6-9C94-EFC7E49A7404}.Release|ARM.Build.0 = Release|Any CPU
		{3E2CE8E1-21C5-41C6-9C94-EFC7E49A7404}.Release|x64.ActiveCfg = Release|Any CPU
		{3E2CE8E1-21C5-41C6-9C94-EFC7E49A7404}.Release|x64.Build.0 = Release|Any CPU
		{3E2CE8E1-21C5-41C6-9C94-EFC7E49A7404}.Release|x86.ActiveCfg = Release|Any CPU
		{3E2CE8E1-21C5-41C6-9C94-EFC7E49A7404}.Release|x86.Build.0 = Release|Any CPU
		{C02F61A3-7CC5-421A-BA7A-B5CDB9344042}.Debug|Any CPU.ActiveCfg = Debug|Any CPU
		{C02F61A3-7CC5-421A-BA7A-B5CDB9344042}.Debug|Any CPU.Build.0 = Debug|Any CPU
		{C02F61A3-7CC5-421A-BA7A-B5CDB9344042}.Debug|ARM.ActiveCfg = Debug|Any CPU
		{C02F61A3-7CC5-421A-BA7A-B5CDB9344042}.Debug|ARM.Build.0 = Debug|Any CPU
		{C02F61A3-7CC5-421A-BA7A-B5CDB9344042}.Debug|x64.ActiveCfg = Debug|Any CPU
		{C02F61A3-7CC5-421A-BA7A-B5CDB9344042}.Debug|x64.Build.0 = Debug|Any CPU
		{C02F61A3-7CC5-421A-BA7A-B5CDB9344042}.Debug|x86.ActiveCfg = Debug|Any CPU
		{C02F61A3-7CC5-421A-BA7A-B5CDB9344042}.Debug|x86.Build.0 = Debug|Any CPU
		{C02F61A3-7CC5-421A-BA7A-B5CDB9344042}.Release|Any CPU.ActiveCfg = Release|Any CPU
		{C02F61A3-7CC5-421A-BA7A-B5CDB9344042}.Release|Any CPU.Build.0 = Release|Any CPU
		{C02F61A3-7CC5-421A-BA7A-B5CDB9344042}.Release|ARM.ActiveCfg = Release|Any CPU
		{C02F61A3-7CC5-421A-BA7A-B5CDB9344042}.Release|ARM.Build.0 = Release|Any CPU
		{C02F61A3-7CC5-421A-BA7A-B5CDB9344042}.Release|x64.ActiveCfg = Release|Any CPU
		{C02F61A3-7CC5-421A-BA7A-B5CDB9344042}.Release|x64.Build.0 = Release|Any CPU
		{C02F61A3-7CC5-421A-BA7A-B5CDB9344042}.Release|x86.ActiveCfg = Release|Any CPU
		{C02F61A3-7CC5-421A-BA7A-B5CDB9344042}.Release|x86.Build.0 = Release|Any CPU
		{1BA1F5E2-D82F-4969-BADD-7387E6DAF435}.Debug|Any CPU.ActiveCfg = Debug|Any CPU
		{1BA1F5E2-D82F-4969-BADD-7387E6DAF435}.Debug|Any CPU.Build.0 = Debug|Any CPU
		{1BA1F5E2-D82F-4969-BADD-7387E6DAF435}.Debug|ARM.ActiveCfg = Debug|Any CPU
		{1BA1F5E2-D82F-4969-BADD-7387E6DAF435}.Debug|ARM.Build.0 = Debug|Any CPU
		{1BA1F5E2-D82F-4969-BADD-7387E6DAF435}.Debug|x64.ActiveCfg = Debug|Any CPU
		{1BA1F5E2-D82F-4969-BADD-7387E6DAF435}.Debug|x64.Build.0 = Debug|Any CPU
		{1BA1F5E2-D82F-4969-BADD-7387E6DAF435}.Debug|x86.ActiveCfg = Debug|Any CPU
		{1BA1F5E2-D82F-4969-BADD-7387E6DAF435}.Debug|x86.Build.0 = Debug|Any CPU
		{1BA1F5E2-D82F-4969-BADD-7387E6DAF435}.Release|Any CPU.ActiveCfg = Release|Any CPU
		{1BA1F5E2-D82F-4969-BADD-7387E6DAF435}.Release|Any CPU.Build.0 = Release|Any CPU
		{1BA1F5E2-D82F-4969-BADD-7387E6DAF435}.Release|ARM.ActiveCfg = Release|Any CPU
		{1BA1F5E2-D82F-4969-BADD-7387E6DAF435}.Release|ARM.Build.0 = Release|Any CPU
		{1BA1F5E2-D82F-4969-BADD-7387E6DAF435}.Release|x64.ActiveCfg = Release|Any CPU
		{1BA1F5E2-D82F-4969-BADD-7387E6DAF435}.Release|x64.Build.0 = Release|Any CPU
		{1BA1F5E2-D82F-4969-BADD-7387E6DAF435}.Release|x86.ActiveCfg = Release|Any CPU
		{1BA1F5E2-D82F-4969-BADD-7387E6DAF435}.Release|x86.Build.0 = Release|Any CPU
		{2C340E5B-096F-496B-B975-3E5440F3DB8E}.Debug|Any CPU.ActiveCfg = Debug|Any CPU
		{2C340E5B-096F-496B-B975-3E5440F3DB8E}.Debug|Any CPU.Build.0 = Debug|Any CPU
		{2C340E5B-096F-496B-B975-3E5440F3DB8E}.Debug|ARM.ActiveCfg = Debug|ARM
		{2C340E5B-096F-496B-B975-3E5440F3DB8E}.Debug|ARM.Build.0 = Debug|ARM
		{2C340E5B-096F-496B-B975-3E5440F3DB8E}.Debug|x64.ActiveCfg = Debug|x64
		{2C340E5B-096F-496B-B975-3E5440F3DB8E}.Debug|x64.Build.0 = Debug|x64
		{2C340E5B-096F-496B-B975-3E5440F3DB8E}.Debug|x86.ActiveCfg = Debug|x86
		{2C340E5B-096F-496B-B975-3E5440F3DB8E}.Debug|x86.Build.0 = Debug|x86
		{2C340E5B-096F-496B-B975-3E5440F3DB8E}.Release|Any CPU.ActiveCfg = Release|Any CPU
		{2C340E5B-096F-496B-B975-3E5440F3DB8E}.Release|Any CPU.Build.0 = Release|Any CPU
		{2C340E5B-096F-496B-B975-3E5440F3DB8E}.Release|ARM.ActiveCfg = Release|ARM
		{2C340E5B-096F-496B-B975-3E5440F3DB8E}.Release|ARM.Build.0 = Release|ARM
		{2C340E5B-096F-496B-B975-3E5440F3DB8E}.Release|x64.ActiveCfg = Release|x64
		{2C340E5B-096F-496B-B975-3E5440F3DB8E}.Release|x64.Build.0 = Release|x64
		{2C340E5B-096F-496B-B975-3E5440F3DB8E}.Release|x86.ActiveCfg = Release|x86
		{2C340E5B-096F-496B-B975-3E5440F3DB8E}.Release|x86.Build.0 = Release|x86
	EndGlobalSection
	GlobalSection(SolutionProperties) = preSolution
		HideSolutionNode = FALSE
	EndGlobalSection
EndGlobal
