
Microsoft Visual Studio Solution File, Format Version 12.00
# Visual Studio 15
VisualStudioVersion = 15.0.27004.2009
MinimumVisualStudioVersion = 10.0.40219.1
Project("{9A19103F-16F7-4668-BE54-9A1E7A4F7556}") = "PdfSharpCore", "PdfSharpCore\PdfSharpCore.csproj", "{698E271B-97B3-4FD8-A81D-0B149033FB9A}"
EndProject
Project("{9A19103F-16F7-4668-BE54-9A1E7A4F7556}") = "PdfSharpCore.Charting", "PdfSharpCore.Charting\PdfSharpCore.Charting.csproj", "{0F2207FE-7E51-43D6-84C0-FE0A07FB5616}"
EndProject
Project("{2150E333-8FDC-42A3-9474-1A3956D46DE8}") = "Sample", "Sample", "{3C2B4E53-B6D0-4EBC-9337-541BEAA20D8A}"
EndProject
Project("{2150E333-8FDC-42A3-9474-1A3956D46DE8}") = "Core", "Core", "{BD8D06B2-73E2-49DF-8271-48F4E738C515}"
EndProject
Project("{2150E333-8FDC-42A3-9474-1A3956D46DE8}") = "Lib", "Lib", "{CBB5AAEE-1D86-464C-8799-AEDC640CFF0B}"
EndProject
Project("{9A19103F-16F7-4668-BE54-9A1E7A4F7556}") = "PdfSharp.Xamarin.Forms", "PdfSharp.Xamarin.Forms\PdfSharp.Xamarin.Forms.csproj", "{86BC6014-AC2D-452B-A4C4-D8E90CD54596}"
EndProject
Project("{FAE04EC0-301F-11D3-BF4B-00C04F79EFBC}") = "PdfSharp.Xamarin.Sample.Android", "PdfSharp.Xamarin.Sample\PdfSharp.Xamarin.Sample.Android\PdfSharp.Xamarin.Sample.Android.csproj", "{C23B926D-F3D4-4373-B7DB-0C839D9E4651}"
EndProject
Project("{9A19103F-16F7-4668-BE54-9A1E7A4F7556}") = "PdfSharp.Xamarin.Sample", "PdfSharp.Xamarin.Sample\PdfSharp.Xamarin.Sample\PdfSharp.Xamarin.Sample.csproj", "{A5CCFD54-5154-4BF4-AA46-03937AD7326D}"
EndProject
Project("{FAE04EC0-301F-11D3-BF4B-00C04F79EFBC}") = "PdfSharp.Xamarin.Sample.UWP", "PdfSharp.Xamarin.Sample\PdfSharp.Xamarin.Sample.UWP\PdfSharp.Xamarin.Sample.UWP.csproj", "{7CF06189-81AF-4761-B2B7-F524F2FB9E38}"
EndProject
Project("{FAE04EC0-301F-11D3-BF4B-00C04F79EFBC}") = "PdfSharp.Xamarin.Sample.iOS", "PdfSharp.Xamarin.Sample\PdfSharp.Xamarin.Sample.iOS\PdfSharp.Xamarin.Sample.iOS.csproj", "{77CA7CAE-B0C0-4B63-B583-1ECB3E7BDA82}"
EndProject
Project("{FAE04EC0-301F-11D3-BF4B-00C04F79EFBC}") = "PdfSharp.Xamarin.Forms.UWP", "PdfSharp.Xamarin.Forms.UWP\PdfSharp.Xamarin.Forms.UWP.csproj", "{50E03492-A06D-4702-9736-B14B56111E90}"
EndProject
Project("{FAE04EC0-301F-11D3-BF4B-00C04F79EFBC}") = "PdfSharp.Xamarin.Forms.iOS", "PdfSharp.Xamarin.Forms.iOS\PdfSharp.Xamarin.Forms.iOS.csproj", "{E71F3053-056C-4381-9638-048ED73BDFF6}"
EndProject
Project("{FAE04EC0-301F-11D3-BF4B-00C04F79EFBC}") = "PdfSharp.Xamarin.Forms.Droid", "PdfSharp.Xamarin.Forms.Droid\PdfSharp.Xamarin.Forms.Droid.csproj", "{8C8EAA13-5824-462C-8149-D87DB8AFE587}"
EndProject
Global
	GlobalSection(SolutionConfigurationPlatforms) = preSolution
		Ad-Hoc|Any CPU = Ad-Hoc|Any CPU
		Ad-Hoc|ARM = Ad-Hoc|ARM
		Ad-Hoc|iPhone = Ad-Hoc|iPhone
		Ad-Hoc|iPhoneSimulator = Ad-Hoc|iPhoneSimulator
		Ad-Hoc|x64 = Ad-Hoc|x64
		Ad-Hoc|x86 = Ad-Hoc|x86
		AppStore|Any CPU = AppStore|Any CPU
		AppStore|ARM = AppStore|ARM
		AppStore|iPhone = AppStore|iPhone
		AppStore|iPhoneSimulator = AppStore|iPhoneSimulator
		AppStore|x64 = AppStore|x64
		AppStore|x86 = AppStore|x86
		Debug|Any CPU = Debug|Any CPU
		Debug|ARM = Debug|ARM
		Debug|iPhone = Debug|iPhone
		Debug|iPhoneSimulator = Debug|iPhoneSimulator
		Debug|x64 = Debug|x64
		Debug|x86 = Debug|x86
		Release|Any CPU = Release|Any CPU
		Release|ARM = Release|ARM
		Release|iPhone = Release|iPhone
		Release|iPhoneSimulator = Release|iPhoneSimulator
		Release|x64 = Release|x64
		Release|x86 = Release|x86
	EndGlobalSection
	GlobalSection(ProjectConfigurationPlatforms) = postSolution
		{698E271B-97B3-4FD8-A81D-0B149033FB9A}.Ad-Hoc|Any CPU.ActiveCfg = Release|Any CPU
		{698E271B-97B3-4FD8-A81D-0B149033FB9A}.Ad-Hoc|Any CPU.Build.0 = Release|Any CPU
		{698E271B-97B3-4FD8-A81D-0B149033FB9A}.Ad-Hoc|ARM.ActiveCfg = Release|Any CPU
		{698E271B-97B3-4FD8-A81D-0B149033FB9A}.Ad-Hoc|ARM.Build.0 = Release|Any CPU
		{698E271B-97B3-4FD8-A81D-0B149033FB9A}.Ad-Hoc|iPhone.ActiveCfg = Release|Any CPU
		{698E271B-97B3-4FD8-A81D-0B149033FB9A}.Ad-Hoc|iPhone.Build.0 = Release|Any CPU
		{698E271B-97B3-4FD8-A81D-0B149033FB9A}.Ad-Hoc|iPhoneSimulator.ActiveCfg = Release|Any CPU
		{698E271B-97B3-4FD8-A81D-0B149033FB9A}.Ad-Hoc|iPhoneSimulator.Build.0 = Release|Any CPU
		{698E271B-97B3-4FD8-A81D-0B149033FB9A}.Ad-Hoc|x64.ActiveCfg = Release|Any CPU
		{698E271B-97B3-4FD8-A81D-0B149033FB9A}.Ad-Hoc|x64.Build.0 = Release|Any CPU
		{698E271B-97B3-4FD8-A81D-0B149033FB9A}.Ad-Hoc|x86.ActiveCfg = Release|Any CPU
		{698E271B-97B3-4FD8-A81D-0B149033FB9A}.Ad-Hoc|x86.Build.0 = Release|Any CPU
		{698E271B-97B3-4FD8-A81D-0B149033FB9A}.AppStore|Any CPU.ActiveCfg = Release|Any CPU
		{698E271B-97B3-4FD8-A81D-0B149033FB9A}.AppStore|Any CPU.Build.0 = Release|Any CPU
		{698E271B-97B3-4FD8-A81D-0B149033FB9A}.AppStore|ARM.ActiveCfg = Release|Any CPU
		{698E271B-97B3-4FD8-A81D-0B149033FB9A}.AppStore|ARM.Build.0 = Release|Any CPU
		{698E271B-97B3-4FD8-A81D-0B149033FB9A}.AppStore|iPhone.ActiveCfg = Release|Any CPU
		{698E271B-97B3-4FD8-A81D-0B149033FB9A}.AppStore|iPhone.Build.0 = Release|Any CPU
		{698E271B-97B3-4FD8-A81D-0B149033FB9A}.AppStore|iPhoneSimulator.ActiveCfg = Release|Any CPU
		{698E271B-97B3-4FD8-A81D-0B149033FB9A}.AppStore|iPhoneSimulator.Build.0 = Release|Any CPU
		{698E271B-97B3-4FD8-A81D-0B149033FB9A}.AppStore|x64.ActiveCfg = Release|Any CPU
		{698E271B-97B3-4FD8-A81D-0B149033FB9A}.AppStore|x64.Build.0 = Release|Any CPU
		{698E271B-97B3-4FD8-A81D-0B149033FB9A}.AppStore|x86.ActiveCfg = Release|Any CPU
		{698E271B-97B3-4FD8-A81D-0B149033FB9A}.AppStore|x86.Build.0 = Release|Any CPU
		{698E271B-97B3-4FD8-A81D-0B149033FB9A}.Debug|Any CPU.ActiveCfg = Debug|Any CPU
		{698E271B-97B3-4FD8-A81D-0B149033FB9A}.Debug|Any CPU.Build.0 = Debug|Any CPU
		{698E271B-97B3-4FD8-A81D-0B149033FB9A}.Debug|ARM.ActiveCfg = Debug|Any CPU
		{698E271B-97B3-4FD8-A81D-0B149033FB9A}.Debug|ARM.Build.0 = Debug|Any CPU
		{698E271B-97B3-4FD8-A81D-0B149033FB9A}.Debug|iPhone.ActiveCfg = Debug|Any CPU
		{698E271B-97B3-4FD8-A81D-0B149033FB9A}.Debug|iPhone.Build.0 = Debug|Any CPU
		{698E271B-97B3-4FD8-A81D-0B149033FB9A}.Debug|iPhoneSimulator.ActiveCfg = Debug|Any CPU
		{698E271B-97B3-4FD8-A81D-0B149033FB9A}.Debug|iPhoneSimulator.Build.0 = Debug|Any CPU
		{698E271B-97B3-4FD8-A81D-0B149033FB9A}.Debug|x64.ActiveCfg = Debug|Any CPU
		{698E271B-97B3-4FD8-A81D-0B149033FB9A}.Debug|x64.Build.0 = Debug|Any CPU
		{698E271B-97B3-4FD8-A81D-0B149033FB9A}.Debug|x86.ActiveCfg = Debug|Any CPU
		{698E271B-97B3-4FD8-A81D-0B149033FB9A}.Debug|x86.Build.0 = Debug|Any CPU
		{698E271B-97B3-4FD8-A81D-0B149033FB9A}.Release|Any CPU.ActiveCfg = Release|Any CPU
		{698E271B-97B3-4FD8-A81D-0B149033FB9A}.Release|Any CPU.Build.0 = Release|Any CPU
		{698E271B-97B3-4FD8-A81D-0B149033FB9A}.Release|ARM.ActiveCfg = Release|Any CPU
		{698E271B-97B3-4FD8-A81D-0B149033FB9A}.Release|ARM.Build.0 = Release|Any CPU
		{698E271B-97B3-4FD8-A81D-0B149033FB9A}.Release|iPhone.ActiveCfg = Release|Any CPU
		{698E271B-97B3-4FD8-A81D-0B149033FB9A}.Release|iPhone.Build.0 = Release|Any CPU
		{698E271B-97B3-4FD8-A81D-0B149033FB9A}.Release|iPhoneSimulator.ActiveCfg = Release|Any CPU
		{698E271B-97B3-4FD8-A81D-0B149033FB9A}.Release|iPhoneSimulator.Build.0 = Release|Any CPU
		{698E271B-97B3-4FD8-A81D-0B149033FB9A}.Release|x64.ActiveCfg = Release|Any CPU
		{698E271B-97B3-4FD8-A81D-0B149033FB9A}.Release|x64.Build.0 = Release|Any CPU
		{698E271B-97B3-4FD8-A81D-0B149033FB9A}.Release|x86.ActiveCfg = Release|Any CPU
		{698E271B-97B3-4FD8-A81D-0B149033FB9A}.Release|x86.Build.0 = Release|Any CPU
		{0F2207FE-7E51-43D6-84C0-FE0A07FB5616}.Ad-Hoc|Any CPU.ActiveCfg = Release|Any CPU
		{0F2207FE-7E51-43D6-84C0-FE0A07FB5616}.Ad-Hoc|Any CPU.Build.0 = Release|Any CPU
		{0F2207FE-7E51-43D6-84C0-FE0A07FB5616}.Ad-Hoc|ARM.ActiveCfg = Release|Any CPU
		{0F2207FE-7E51-43D6-84C0-FE0A07FB5616}.Ad-Hoc|ARM.Build.0 = Release|Any CPU
		{0F2207FE-7E51-43D6-84C0-FE0A07FB5616}.Ad-Hoc|iPhone.ActiveCfg = Release|Any CPU
		{0F2207FE-7E51-43D6-84C0-FE0A07FB5616}.Ad-Hoc|iPhone.Build.0 = Release|Any CPU
		{0F2207FE-7E51-43D6-84C0-FE0A07FB5616}.Ad-Hoc|iPhoneSimulator.ActiveCfg = Release|Any CPU
		{0F2207FE-7E51-43D6-84C0-FE0A07FB5616}.Ad-Hoc|iPhoneSimulator.Build.0 = Release|Any CPU
		{0F2207FE-7E51-43D6-84C0-FE0A07FB5616}.Ad-Hoc|x64.ActiveCfg = Release|Any CPU
		{0F2207FE-7E51-43D6-84C0-FE0A07FB5616}.Ad-Hoc|x64.Build.0 = Release|Any CPU
		{0F2207FE-7E51-43D6-84C0-FE0A07FB5616}.Ad-Hoc|x86.ActiveCfg = Release|Any CPU
		{0F2207FE-7E51-43D6-84C0-FE0A07FB5616}.Ad-Hoc|x86.Build.0 = Release|Any CPU
		{0F2207FE-7E51-43D6-84C0-FE0A07FB5616}.AppStore|Any CPU.ActiveCfg = Release|Any CPU
		{0F2207FE-7E51-43D6-84C0-FE0A07FB5616}.AppStore|Any CPU.Build.0 = Release|Any CPU
		{0F2207FE-7E51-43D6-84C0-FE0A07FB5616}.AppStore|ARM.ActiveCfg = Release|Any CPU
		{0F2207FE-7E51-43D6-84C0-FE0A07FB5616}.AppStore|ARM.Build.0 = Release|Any CPU
		{0F2207FE-7E51-43D6-84C0-FE0A07FB5616}.AppStore|iPhone.ActiveCfg = Release|Any CPU
		{0F2207FE-7E51-43D6-84C0-FE0A07FB5616}.AppStore|iPhone.Build.0 = Release|Any CPU
		{0F2207FE-7E51-43D6-84C0-FE0A07FB5616}.AppStore|iPhoneSimulator.ActiveCfg = Release|Any CPU
		{0F2207FE-7E51-43D6-84C0-FE0A07FB5616}.AppStore|iPhoneSimulator.Build.0 = Release|Any CPU
		{0F2207FE-7E51-43D6-84C0-FE0A07FB5616}.AppStore|x64.ActiveCfg = Release|Any CPU
		{0F2207FE-7E51-43D6-84C0-FE0A07FB5616}.AppStore|x64.Build.0 = Release|Any CPU
		{0F2207FE-7E51-43D6-84C0-FE0A07FB5616}.AppStore|x86.ActiveCfg = Release|Any CPU
		{0F2207FE-7E51-43D6-84C0-FE0A07FB5616}.AppStore|x86.Build.0 = Release|Any CPU
		{0F2207FE-7E51-43D6-84C0-FE0A07FB5616}.Debug|Any CPU.ActiveCfg = Debug|Any CPU
		{0F2207FE-7E51-43D6-84C0-FE0A07FB5616}.Debug|Any CPU.Build.0 = Debug|Any CPU
		{0F2207FE-7E51-43D6-84C0-FE0A07FB5616}.Debug|ARM.ActiveCfg = Debug|Any CPU
		{0F2207FE-7E51-43D6-84C0-FE0A07FB5616}.Debug|ARM.Build.0 = Debug|Any CPU
		{0F2207FE-7E51-43D6-84C0-FE0A07FB5616}.Debug|iPhone.ActiveCfg = Debug|Any CPU
		{0F2207FE-7E51-43D6-84C0-FE0A07FB5616}.Debug|iPhone.Build.0 = Debug|Any CPU
		{0F2207FE-7E51-43D6-84C0-FE0A07FB5616}.Debug|iPhoneSimulator.ActiveCfg = Debug|Any CPU
		{0F2207FE-7E51-43D6-84C0-FE0A07FB5616}.Debug|iPhoneSimulator.Build.0 = Debug|Any CPU
		{0F2207FE-7E51-43D6-84C0-FE0A07FB5616}.Debug|x64.ActiveCfg = Debug|Any CPU
		{0F2207FE-7E51-43D6-84C0-FE0A07FB5616}.Debug|x64.Build.0 = Debug|Any CPU
		{0F2207FE-7E51-43D6-84C0-FE0A07FB5616}.Debug|x86.ActiveCfg = Debug|Any CPU
		{0F2207FE-7E51-43D6-84C0-FE0A07FB5616}.Debug|x86.Build.0 = Debug|Any CPU
		{0F2207FE-7E51-43D6-84C0-FE0A07FB5616}.Release|Any CPU.ActiveCfg = Release|Any CPU
		{0F2207FE-7E51-43D6-84C0-FE0A07FB5616}.Release|Any CPU.Build.0 = Release|Any CPU
		{0F2207FE-7E51-43D6-84C0-FE0A07FB5616}.Release|ARM.ActiveCfg = Release|Any CPU
		{0F2207FE-7E51-43D6-84C0-FE0A07FB5616}.Release|ARM.Build.0 = Release|Any CPU
		{0F2207FE-7E51-43D6-84C0-FE0A07FB5616}.Release|iPhone.ActiveCfg = Release|Any CPU
		{0F2207FE-7E51-43D6-84C0-FE0A07FB5616}.Release|iPhone.Build.0 = Release|Any CPU
		{0F2207FE-7E51-43D6-84C0-FE0A07FB5616}.Release|iPhoneSimulator.ActiveCfg = Release|Any CPU
		{0F2207FE-7E51-43D6-84C0-FE0A07FB5616}.Release|iPhoneSimulator.Build.0 = Release|Any CPU
		{0F2207FE-7E51-43D6-84C0-FE0A07FB5616}.Release|x64.ActiveCfg = Release|Any CPU
		{0F2207FE-7E51-43D6-84C0-FE0A07FB5616}.Release|x64.Build.0 = Release|Any CPU
		{0F2207FE-7E51-43D6-84C0-FE0A07FB5616}.Release|x86.ActiveCfg = Release|Any CPU
		{0F2207FE-7E51-43D6-84C0-FE0A07FB5616}.Release|x86.Build.0 = Release|Any CPU
		{86BC6014-AC2D-452B-A4C4-D8E90CD54596}.Ad-Hoc|Any CPU.ActiveCfg = Debug|Any CPU
		{86BC6014-AC2D-452B-A4C4-D8E90CD54596}.Ad-Hoc|Any CPU.Build.0 = Debug|Any CPU
		{86BC6014-AC2D-452B-A4C4-D8E90CD54596}.Ad-Hoc|ARM.ActiveCfg = Debug|Any CPU
		{86BC6014-AC2D-452B-A4C4-D8E90CD54596}.Ad-Hoc|ARM.Build.0 = Debug|Any CPU
		{86BC6014-AC2D-452B-A4C4-D8E90CD54596}.Ad-Hoc|iPhone.ActiveCfg = Debug|Any CPU
		{86BC6014-AC2D-452B-A4C4-D8E90CD54596}.Ad-Hoc|iPhone.Build.0 = Debug|Any CPU
		{86BC6014-AC2D-452B-A4C4-D8E90CD54596}.Ad-Hoc|iPhoneSimulator.ActiveCfg = Debug|Any CPU
		{86BC6014-AC2D-452B-A4C4-D8E90CD54596}.Ad-Hoc|iPhoneSimulator.Build.0 = Debug|Any CPU
		{86BC6014-AC2D-452B-A4C4-D8E90CD54596}.Ad-Hoc|x64.ActiveCfg = Debug|Any CPU
		{86BC6014-AC2D-452B-A4C4-D8E90CD54596}.Ad-Hoc|x64.Build.0 = Debug|Any CPU
		{86BC6014-AC2D-452B-A4C4-D8E90CD54596}.Ad-Hoc|x86.ActiveCfg = Debug|Any CPU
		{86BC6014-AC2D-452B-A4C4-D8E90CD54596}.Ad-Hoc|x86.Build.0 = Debug|Any CPU
		{86BC6014-AC2D-452B-A4C4-D8E90CD54596}.AppStore|Any CPU.ActiveCfg = Debug|Any CPU
		{86BC6014-AC2D-452B-A4C4-D8E90CD54596}.AppStore|Any CPU.Build.0 = Debug|Any CPU
		{86BC6014-AC2D-452B-A4C4-D8E90CD54596}.AppStore|ARM.ActiveCfg = Debug|Any CPU
		{86BC6014-AC2D-452B-A4C4-D8E90CD54596}.AppStore|ARM.Build.0 = Debug|Any CPU
		{86BC6014-AC2D-452B-A4C4-D8E90CD54596}.AppStore|iPhone.ActiveCfg = Debug|Any CPU
		{86BC6014-AC2D-452B-A4C4-D8E90CD54596}.AppStore|iPhone.Build.0 = Debug|Any CPU
		{86BC6014-AC2D-452B-A4C4-D8E90CD54596}.AppStore|iPhoneSimulator.ActiveCfg = Debug|Any CPU
		{86BC6014-AC2D-452B-A4C4-D8E90CD54596}.AppStore|iPhoneSimulator.Build.0 = Debug|Any CPU
		{86BC6014-AC2D-452B-A4C4-D8E90CD54596}.AppStore|x64.ActiveCfg = Debug|Any CPU
		{86BC6014-AC2D-452B-A4C4-D8E90CD54596}.AppStore|x64.Build.0 = Debug|Any CPU
		{86BC6014-AC2D-452B-A4C4-D8E90CD54596}.AppStore|x86.ActiveCfg = Debug|Any CPU
		{86BC6014-AC2D-452B-A4C4-D8E90CD54596}.AppStore|x86.Build.0 = Debug|Any CPU
		{86BC6014-AC2D-452B-A4C4-D8E90CD54596}.Debug|Any CPU.ActiveCfg = Debug|Any CPU
		{86BC6014-AC2D-452B-A4C4-D8E90CD54596}.Debug|Any CPU.Build.0 = Debug|Any CPU
		{86BC6014-AC2D-452B-A4C4-D8E90CD54596}.Debug|ARM.ActiveCfg = Debug|Any CPU
		{86BC6014-AC2D-452B-A4C4-D8E90CD54596}.Debug|ARM.Build.0 = Debug|Any CPU
		{86BC6014-AC2D-452B-A4C4-D8E90CD54596}.Debug|iPhone.ActiveCfg = Debug|Any CPU
		{86BC6014-AC2D-452B-A4C4-D8E90CD54596}.Debug|iPhone.Build.0 = Debug|Any CPU
		{86BC6014-AC2D-452B-A4C4-D8E90CD54596}.Debug|iPhoneSimulator.ActiveCfg = Debug|Any CPU
		{86BC6014-AC2D-452B-A4C4-D8E90CD54596}.Debug|iPhoneSimulator.Build.0 = Debug|Any CPU
		{86BC6014-AC2D-452B-A4C4-D8E90CD54596}.Debug|x64.ActiveCfg = Debug|Any CPU
		{86BC6014-AC2D-452B-A4C4-D8E90CD54596}.Debug|x64.Build.0 = Debug|Any CPU
		{86BC6014-AC2D-452B-A4C4-D8E90CD54596}.Debug|x86.ActiveCfg = Debug|Any CPU
		{86BC6014-AC2D-452B-A4C4-D8E90CD54596}.Debug|x86.Build.0 = Debug|Any CPU
		{86BC6014-AC2D-452B-A4C4-D8E90CD54596}.Release|Any CPU.ActiveCfg = Release|Any CPU
		{86BC6014-AC2D-452B-A4C4-D8E90CD54596}.Release|Any CPU.Build.0 = Release|Any CPU
		{86BC6014-AC2D-452B-A4C4-D8E90CD54596}.Release|ARM.ActiveCfg = Release|Any CPU
		{86BC6014-AC2D-452B-A4C4-D8E90CD54596}.Release|ARM.Build.0 = Release|Any CPU
		{86BC6014-AC2D-452B-A4C4-D8E90CD54596}.Release|iPhone.ActiveCfg = Release|Any CPU
		{86BC6014-AC2D-452B-A4C4-D8E90CD54596}.Release|iPhone.Build.0 = Release|Any CPU
		{86BC6014-AC2D-452B-A4C4-D8E90CD54596}.Release|iPhoneSimulator.ActiveCfg = Release|Any CPU
		{86BC6014-AC2D-452B-A4C4-D8E90CD54596}.Release|iPhoneSimulator.Build.0 = Release|Any CPU
		{86BC6014-AC2D-452B-A4C4-D8E90CD54596}.Release|x64.ActiveCfg = Release|Any CPU
		{86BC6014-AC2D-452B-A4C4-D8E90CD54596}.Release|x64.Build.0 = Release|Any CPU
		{86BC6014-AC2D-452B-A4C4-D8E90CD54596}.Release|x86.ActiveCfg = Release|Any CPU
		{86BC6014-AC2D-452B-A4C4-D8E90CD54596}.Release|x86.Build.0 = Release|Any CPU
		{C23B926D-F3D4-4373-B7DB-0C839D9E4651}.Ad-Hoc|Any CPU.ActiveCfg = Release|Any CPU
		{C23B926D-F3D4-4373-B7DB-0C839D9E4651}.Ad-Hoc|Any CPU.Build.0 = Release|Any CPU
		{C23B926D-F3D4-4373-B7DB-0C839D9E4651}.Ad-Hoc|Any CPU.Deploy.0 = Release|Any CPU
		{C23B926D-F3D4-4373-B7DB-0C839D9E4651}.Ad-Hoc|ARM.ActiveCfg = Release|Any CPU
		{C23B926D-F3D4-4373-B7DB-0C839D9E4651}.Ad-Hoc|ARM.Build.0 = Release|Any CPU
		{C23B926D-F3D4-4373-B7DB-0C839D9E4651}.Ad-Hoc|ARM.Deploy.0 = Release|Any CPU
		{C23B926D-F3D4-4373-B7DB-0C839D9E4651}.Ad-Hoc|iPhone.ActiveCfg = Release|Any CPU
		{C23B926D-F3D4-4373-B7DB-0C839D9E4651}.Ad-Hoc|iPhone.Build.0 = Release|Any CPU
		{C23B926D-F3D4-4373-B7DB-0C839D9E4651}.Ad-Hoc|iPhone.Deploy.0 = Release|Any CPU
		{C23B926D-F3D4-4373-B7DB-0C839D9E4651}.Ad-Hoc|iPhoneSimulator.ActiveCfg = Release|Any CPU
		{C23B926D-F3D4-4373-B7DB-0C839D9E4651}.Ad-Hoc|iPhoneSimulator.Build.0 = Release|Any CPU
		{C23B926D-F3D4-4373-B7DB-0C839D9E4651}.Ad-Hoc|iPhoneSimulator.Deploy.0 = Release|Any CPU
		{C23B926D-F3D4-4373-B7DB-0C839D9E4651}.Ad-Hoc|x64.ActiveCfg = Release|Any CPU
		{C23B926D-F3D4-4373-B7DB-0C839D9E4651}.Ad-Hoc|x64.Build.0 = Release|Any CPU
		{C23B926D-F3D4-4373-B7DB-0C839D9E4651}.Ad-Hoc|x64.Deploy.0 = Release|Any CPU
		{C23B926D-F3D4-4373-B7DB-0C839D9E4651}.Ad-Hoc|x86.ActiveCfg = Release|Any CPU
		{C23B926D-F3D4-4373-B7DB-0C839D9E4651}.Ad-Hoc|x86.Build.0 = Release|Any CPU
		{C23B926D-F3D4-4373-B7DB-0C839D9E4651}.Ad-Hoc|x86.Deploy.0 = Release|Any CPU
		{C23B926D-F3D4-4373-B7DB-0C839D9E4651}.AppStore|Any CPU.ActiveCfg = Release|Any CPU
		{C23B926D-F3D4-4373-B7DB-0C839D9E4651}.AppStore|Any CPU.Build.0 = Release|Any CPU
		{C23B926D-F3D4-4373-B7DB-0C839D9E4651}.AppStore|Any CPU.Deploy.0 = Release|Any CPU
		{C23B926D-F3D4-4373-B7DB-0C839D9E4651}.AppStore|ARM.ActiveCfg = Release|Any CPU
		{C23B926D-F3D4-4373-B7DB-0C839D9E4651}.AppStore|ARM.Build.0 = Release|Any CPU
		{C23B926D-F3D4-4373-B7DB-0C839D9E4651}.AppStore|ARM.Deploy.0 = Release|Any CPU
		{C23B926D-F3D4-4373-B7DB-0C839D9E4651}.AppStore|iPhone.ActiveCfg = Release|Any CPU
		{C23B926D-F3D4-4373-B7DB-0C839D9E4651}.AppStore|iPhone.Build.0 = Release|Any CPU
		{C23B926D-F3D4-4373-B7DB-0C839D9E4651}.AppStore|iPhone.Deploy.0 = Release|Any CPU
		{C23B926D-F3D4-4373-B7DB-0C839D9E4651}.AppStore|iPhoneSimulator.ActiveCfg = Release|Any CPU
		{C23B926D-F3D4-4373-B7DB-0C839D9E4651}.AppStore|iPhoneSimulator.Build.0 = Release|Any CPU
		{C23B926D-F3D4-4373-B7DB-0C839D9E4651}.AppStore|iPhoneSimulator.Deploy.0 = Release|Any CPU
		{C23B926D-F3D4-4373-B7DB-0C839D9E4651}.AppStore|x64.ActiveCfg = Release|Any CPU
		{C23B926D-F3D4-4373-B7DB-0C839D9E4651}.AppStore|x64.Build.0 = Release|Any CPU
		{C23B926D-F3D4-4373-B7DB-0C839D9E4651}.AppStore|x64.Deploy.0 = Release|Any CPU
		{C23B926D-F3D4-4373-B7DB-0C839D9E4651}.AppStore|x86.ActiveCfg = Release|Any CPU
		{C23B926D-F3D4-4373-B7DB-0C839D9E4651}.AppStore|x86.Build.0 = Release|Any CPU
		{C23B926D-F3D4-4373-B7DB-0C839D9E4651}.AppStore|x86.Deploy.0 = Release|Any CPU
		{C23B926D-F3D4-4373-B7DB-0C839D9E4651}.Debug|Any CPU.ActiveCfg = Debug|Any CPU
		{C23B926D-F3D4-4373-B7DB-0C839D9E4651}.Debug|Any CPU.Build.0 = Debug|Any CPU
		{C23B926D-F3D4-4373-B7DB-0C839D9E4651}.Debug|Any CPU.Deploy.0 = Debug|Any CPU
		{C23B926D-F3D4-4373-B7DB-0C839D9E4651}.Debug|ARM.ActiveCfg = Debug|Any CPU
		{C23B926D-F3D4-4373-B7DB-0C839D9E4651}.Debug|ARM.Build.0 = Debug|Any CPU
		{C23B926D-F3D4-4373-B7DB-0C839D9E4651}.Debug|ARM.Deploy.0 = Debug|Any CPU
		{C23B926D-F3D4-4373-B7DB-0C839D9E4651}.Debug|iPhone.ActiveCfg = Debug|Any CPU
		{C23B926D-F3D4-4373-B7DB-0C839D9E4651}.Debug|iPhone.Build.0 = Debug|Any CPU
		{C23B926D-F3D4-4373-B7DB-0C839D9E4651}.Debug|iPhone.Deploy.0 = Debug|Any CPU
		{C23B926D-F3D4-4373-B7DB-0C839D9E4651}.Debug|iPhoneSimulator.ActiveCfg = Debug|Any CPU
		{C23B926D-F3D4-4373-B7DB-0C839D9E4651}.Debug|iPhoneSimulator.Build.0 = Debug|Any CPU
		{C23B926D-F3D4-4373-B7DB-0C839D9E4651}.Debug|iPhoneSimulator.Deploy.0 = Debug|Any CPU
		{C23B926D-F3D4-4373-B7DB-0C839D9E4651}.Debug|x64.ActiveCfg = Debug|Any CPU
		{C23B926D-F3D4-4373-B7DB-0C839D9E4651}.Debug|x64.Build.0 = Debug|Any CPU
		{C23B926D-F3D4-4373-B7DB-0C839D9E4651}.Debug|x64.Deploy.0 = Debug|Any CPU
		{C23B926D-F3D4-4373-B7DB-0C839D9E4651}.Debug|x86.ActiveCfg = Debug|Any CPU
		{C23B926D-F3D4-4373-B7DB-0C839D9E4651}.Debug|x86.Build.0 = Debug|Any CPU
		{C23B926D-F3D4-4373-B7DB-0C839D9E4651}.Debug|x86.Deploy.0 = Debug|Any CPU
		{C23B926D-F3D4-4373-B7DB-0C839D9E4651}.Release|Any CPU.ActiveCfg = Release|Any CPU
		{C23B926D-F3D4-4373-B7DB-0C839D9E4651}.Release|Any CPU.Build.0 = Release|Any CPU
		{C23B926D-F3D4-4373-B7DB-0C839D9E4651}.Release|Any CPU.Deploy.0 = Release|Any CPU
		{C23B926D-F3D4-4373-B7DB-0C839D9E4651}.Release|ARM.ActiveCfg = Release|Any CPU
		{C23B926D-F3D4-4373-B7DB-0C839D9E4651}.Release|ARM.Build.0 = Release|Any CPU
		{C23B926D-F3D4-4373-B7DB-0C839D9E4651}.Release|ARM.Deploy.0 = Release|Any CPU
		{C23B926D-F3D4-4373-B7DB-0C839D9E4651}.Release|iPhone.ActiveCfg = Release|Any CPU
		{C23B926D-F3D4-4373-B7DB-0C839D9E4651}.Release|iPhone.Build.0 = Release|Any CPU
		{C23B926D-F3D4-4373-B7DB-0C839D9E4651}.Release|iPhone.Deploy.0 = Release|Any CPU
		{C23B926D-F3D4-4373-B7DB-0C839D9E4651}.Release|iPhoneSimulator.ActiveCfg = Release|Any CPU
		{C23B926D-F3D4-4373-B7DB-0C839D9E4651}.Release|iPhoneSimulator.Build.0 = Release|Any CPU
		{C23B926D-F3D4-4373-B7DB-0C839D9E4651}.Release|iPhoneSimulator.Deploy.0 = Release|Any CPU
		{C23B926D-F3D4-4373-B7DB-0C839D9E4651}.Release|x64.ActiveCfg = Release|Any CPU
		{C23B926D-F3D4-4373-B7DB-0C839D9E4651}.Release|x64.Build.0 = Release|Any CPU
		{C23B926D-F3D4-4373-B7DB-0C839D9E4651}.Release|x64.Deploy.0 = Release|Any CPU
		{C23B926D-F3D4-4373-B7DB-0C839D9E4651}.Release|x86.ActiveCfg = Release|Any CPU
		{C23B926D-F3D4-4373-B7DB-0C839D9E4651}.Release|x86.Build.0 = Release|Any CPU
		{C23B926D-F3D4-4373-B7DB-0C839D9E4651}.Release|x86.Deploy.0 = Release|Any CPU
		{A5CCFD54-5154-4BF4-AA46-03937AD7326D}.Ad-Hoc|Any CPU.ActiveCfg = Release|Any CPU
		{A5CCFD54-5154-4BF4-AA46-03937AD7326D}.Ad-Hoc|Any CPU.Build.0 = Release|Any CPU
		{A5CCFD54-5154-4BF4-AA46-03937AD7326D}.Ad-Hoc|ARM.ActiveCfg = Release|Any CPU
		{A5CCFD54-5154-4BF4-AA46-03937AD7326D}.Ad-Hoc|ARM.Build.0 = Release|Any CPU
		{A5CCFD54-5154-4BF4-AA46-03937AD7326D}.Ad-Hoc|iPhone.ActiveCfg = Release|Any CPU
		{A5CCFD54-5154-4BF4-AA46-03937AD7326D}.Ad-Hoc|iPhone.Build.0 = Release|Any CPU
		{A5CCFD54-5154-4BF4-AA46-03937AD7326D}.Ad-Hoc|iPhoneSimulator.ActiveCfg = Release|Any CPU
		{A5CCFD54-5154-4BF4-AA46-03937AD7326D}.Ad-Hoc|iPhoneSimulator.Build.0 = Release|Any CPU
		{A5CCFD54-5154-4BF4-AA46-03937AD7326D}.Ad-Hoc|x64.ActiveCfg = Release|Any CPU
		{A5CCFD54-5154-4BF4-AA46-03937AD7326D}.Ad-Hoc|x64.Build.0 = Release|Any CPU
		{A5CCFD54-5154-4BF4-AA46-03937AD7326D}.Ad-Hoc|x86.ActiveCfg = Release|Any CPU
		{A5CCFD54-5154-4BF4-AA46-03937AD7326D}.Ad-Hoc|x86.Build.0 = Release|Any CPU
		{A5CCFD54-5154-4BF4-AA46-03937AD7326D}.AppStore|Any CPU.ActiveCfg = Release|Any CPU
		{A5CCFD54-5154-4BF4-AA46-03937AD7326D}.AppStore|Any CPU.Build.0 = Release|Any CPU
		{A5CCFD54-5154-4BF4-AA46-03937AD7326D}.AppStore|ARM.ActiveCfg = Release|Any CPU
		{A5CCFD54-5154-4BF4-AA46-03937AD7326D}.AppStore|ARM.Build.0 = Release|Any CPU
		{A5CCFD54-5154-4BF4-AA46-03937AD7326D}.AppStore|iPhone.ActiveCfg = Release|Any CPU
		{A5CCFD54-5154-4BF4-AA46-03937AD7326D}.AppStore|iPhone.Build.0 = Release|Any CPU
		{A5CCFD54-5154-4BF4-AA46-03937AD7326D}.AppStore|iPhoneSimulator.ActiveCfg = Release|Any CPU
		{A5CCFD54-5154-4BF4-AA46-03937AD7326D}.AppStore|iPhoneSimulator.Build.0 = Release|Any CPU
		{A5CCFD54-5154-4BF4-AA46-03937AD7326D}.AppStore|x64.ActiveCfg = Release|Any CPU
		{A5CCFD54-5154-4BF4-AA46-03937AD7326D}.AppStore|x64.Build.0 = Release|Any CPU
		{A5CCFD54-5154-4BF4-AA46-03937AD7326D}.AppStore|x86.ActiveCfg = Release|Any CPU
		{A5CCFD54-5154-4BF4-AA46-03937AD7326D}.AppStore|x86.Build.0 = Release|Any CPU
		{A5CCFD54-5154-4BF4-AA46-03937AD7326D}.Debug|Any CPU.ActiveCfg = Debug|Any CPU
		{A5CCFD54-5154-4BF4-AA46-03937AD7326D}.Debug|Any CPU.Build.0 = Debug|Any CPU
		{A5CCFD54-5154-4BF4-AA46-03937AD7326D}.Debug|ARM.ActiveCfg = Debug|Any CPU
		{A5CCFD54-5154-4BF4-AA46-03937AD7326D}.Debug|ARM.Build.0 = Debug|Any CPU
		{A5CCFD54-5154-4BF4-AA46-03937AD7326D}.Debug|iPhone.ActiveCfg = Debug|Any CPU
		{A5CCFD54-5154-4BF4-AA46-03937AD7326D}.Debug|iPhone.Build.0 = Debug|Any CPU
		{A5CCFD54-5154-4BF4-AA46-03937AD7326D}.Debug|iPhoneSimulator.ActiveCfg = Debug|Any CPU
		{A5CCFD54-5154-4BF4-AA46-03937AD7326D}.Debug|iPhoneSimulator.Build.0 = Debug|Any CPU
		{A5CCFD54-5154-4BF4-AA46-03937AD7326D}.Debug|x64.ActiveCfg = Debug|Any CPU
		{A5CCFD54-5154-4BF4-AA46-03937AD7326D}.Debug|x64.Build.0 = Debug|Any CPU
		{A5CCFD54-5154-4BF4-AA46-03937AD7326D}.Debug|x86.ActiveCfg = Debug|Any CPU
		{A5CCFD54-5154-4BF4-AA46-03937AD7326D}.Debug|x86.Build.0 = Debug|Any CPU
		{A5CCFD54-5154-4BF4-AA46-03937AD7326D}.Release|Any CPU.ActiveCfg = Release|Any CPU
		{A5CCFD54-5154-4BF4-AA46-03937AD7326D}.Release|Any CPU.Build.0 = Release|Any CPU
		{A5CCFD54-5154-4BF4-AA46-03937AD7326D}.Release|ARM.ActiveCfg = Release|Any CPU
		{A5CCFD54-5154-4BF4-AA46-03937AD7326D}.Release|ARM.Build.0 = Release|Any CPU
		{A5CCFD54-5154-4BF4-AA46-03937AD7326D}.Release|iPhone.ActiveCfg = Release|Any CPU
		{A5CCFD54-5154-4BF4-AA46-03937AD7326D}.Release|iPhone.Build.0 = Release|Any CPU
		{A5CCFD54-5154-4BF4-AA46-03937AD7326D}.Release|iPhoneSimulator.ActiveCfg = Release|Any CPU
		{A5CCFD54-5154-4BF4-AA46-03937AD7326D}.Release|iPhoneSimulator.Build.0 = Release|Any CPU
		{A5CCFD54-5154-4BF4-AA46-03937AD7326D}.Release|x64.ActiveCfg = Release|Any CPU
		{A5CCFD54-5154-4BF4-AA46-03937AD7326D}.Release|x64.Build.0 = Release|Any CPU
		{A5CCFD54-5154-4BF4-AA46-03937AD7326D}.Release|x86.ActiveCfg = Release|Any CPU
		{A5CCFD54-5154-4BF4-AA46-03937AD7326D}.Release|x86.Build.0 = Release|Any CPU
		{7CF06189-81AF-4761-B2B7-F524F2FB9E38}.Ad-Hoc|Any CPU.ActiveCfg = Release|x86
		{7CF06189-81AF-4761-B2B7-F524F2FB9E38}.Ad-Hoc|Any CPU.Build.0 = Release|x86
		{7CF06189-81AF-4761-B2B7-F524F2FB9E38}.Ad-Hoc|Any CPU.Deploy.0 = Release|x86
		{7CF06189-81AF-4761-B2B7-F524F2FB9E38}.Ad-Hoc|ARM.ActiveCfg = Release|ARM
		{7CF06189-81AF-4761-B2B7-F524F2FB9E38}.Ad-Hoc|ARM.Build.0 = Release|ARM
		{7CF06189-81AF-4761-B2B7-F524F2FB9E38}.Ad-Hoc|ARM.Deploy.0 = Release|ARM
		{7CF06189-81AF-4761-B2B7-F524F2FB9E38}.Ad-Hoc|iPhone.ActiveCfg = Release|x86
		{7CF06189-81AF-4761-B2B7-F524F2FB9E38}.Ad-Hoc|iPhone.Build.0 = Release|x86
		{7CF06189-81AF-4761-B2B7-F524F2FB9E38}.Ad-Hoc|iPhone.Deploy.0 = Release|x86
		{7CF06189-81AF-4761-B2B7-F524F2FB9E38}.Ad-Hoc|iPhoneSimulator.ActiveCfg = Release|x86
		{7CF06189-81AF-4761-B2B7-F524F2FB9E38}.Ad-Hoc|iPhoneSimulator.Build.0 = Release|x86
		{7CF06189-81AF-4761-B2B7-F524F2FB9E38}.Ad-Hoc|iPhoneSimulator.Deploy.0 = Release|x86
		{7CF06189-81AF-4761-B2B7-F524F2FB9E38}.Ad-Hoc|x64.ActiveCfg = Release|x64
		{7CF06189-81AF-4761-B2B7-F524F2FB9E38}.Ad-Hoc|x64.Build.0 = Release|x64
		{7CF06189-81AF-4761-B2B7-F524F2FB9E38}.Ad-Hoc|x64.Deploy.0 = Release|x64
		{7CF06189-81AF-4761-B2B7-F524F2FB9E38}.Ad-Hoc|x86.ActiveCfg = Release|x86
		{7CF06189-81AF-4761-B2B7-F524F2FB9E38}.Ad-Hoc|x86.Build.0 = Release|x86
		{7CF06189-81AF-4761-B2B7-F524F2FB9E38}.Ad-Hoc|x86.Deploy.0 = Release|x86
		{7CF06189-81AF-4761-B2B7-F524F2FB9E38}.AppStore|Any CPU.ActiveCfg = Release|x86
		{7CF06189-81AF-4761-B2B7-F524F2FB9E38}.AppStore|Any CPU.Build.0 = Release|x86
		{7CF06189-81AF-4761-B2B7-F524F2FB9E38}.AppStore|Any CPU.Deploy.0 = Release|x86
		{7CF06189-81AF-4761-B2B7-F524F2FB9E38}.AppStore|ARM.ActiveCfg = Release|ARM
		{7CF06189-81AF-4761-B2B7-F524F2FB9E38}.AppStore|ARM.Build.0 = Release|ARM
		{7CF06189-81AF-4761-B2B7-F524F2FB9E38}.AppStore|ARM.Deploy.0 = Release|ARM
		{7CF06189-81AF-4761-B2B7-F524F2FB9E38}.AppStore|iPhone.ActiveCfg = Release|x86
		{7CF06189-81AF-4761-B2B7-F524F2FB9E38}.AppStore|iPhone.Build.0 = Release|x86
		{7CF06189-81AF-4761-B2B7-F524F2FB9E38}.AppStore|iPhone.Deploy.0 = Release|x86
		{7CF06189-81AF-4761-B2B7-F524F2FB9E38}.AppStore|iPhoneSimulator.ActiveCfg = Release|x86
		{7CF06189-81AF-4761-B2B7-F524F2FB9E38}.AppStore|iPhoneSimulator.Build.0 = Release|x86
		{7CF06189-81AF-4761-B2B7-F524F2FB9E38}.AppStore|iPhoneSimulator.Deploy.0 = Release|x86
		{7CF06189-81AF-4761-B2B7-F524F2FB9E38}.AppStore|x64.ActiveCfg = Release|x64
		{7CF06189-81AF-4761-B2B7-F524F2FB9E38}.AppStore|x64.Build.0 = Release|x64
		{7CF06189-81AF-4761-B2B7-F524F2FB9E38}.AppStore|x64.Deploy.0 = Release|x64
		{7CF06189-81AF-4761-B2B7-F524F2FB9E38}.AppStore|x86.ActiveCfg = Release|x86
		{7CF06189-81AF-4761-B2B7-F524F2FB9E38}.AppStore|x86.Build.0 = Release|x86
		{7CF06189-81AF-4761-B2B7-F524F2FB9E38}.AppStore|x86.Deploy.0 = Release|x86
		{7CF06189-81AF-4761-B2B7-F524F2FB9E38}.Debug|Any CPU.ActiveCfg = Debug|x86
		{7CF06189-81AF-4761-B2B7-F524F2FB9E38}.Debug|ARM.ActiveCfg = Debug|ARM
		{7CF06189-81AF-4761-B2B7-F524F2FB9E38}.Debug|ARM.Build.0 = Debug|ARM
		{7CF06189-81AF-4761-B2B7-F524F2FB9E38}.Debug|ARM.Deploy.0 = Debug|ARM
		{7CF06189-81AF-4761-B2B7-F524F2FB9E38}.Debug|iPhone.ActiveCfg = Debug|x86
		{7CF06189-81AF-4761-B2B7-F524F2FB9E38}.Debug|iPhoneSimulator.ActiveCfg = Debug|x86
		{7CF06189-81AF-4761-B2B7-F524F2FB9E38}.Debug|x64.ActiveCfg = Debug|x64
		{7CF06189-81AF-4761-B2B7-F524F2FB9E38}.Debug|x64.Build.0 = Debug|x64
		{7CF06189-81AF-4761-B2B7-F524F2FB9E38}.Debug|x64.Deploy.0 = Debug|x64
		{7CF06189-81AF-4761-B2B7-F524F2FB9E38}.Debug|x86.ActiveCfg = Debug|x86
		{7CF06189-81AF-4761-B2B7-F524F2FB9E38}.Debug|x86.Build.0 = Debug|x86
		{7CF06189-81AF-4761-B2B7-F524F2FB9E38}.Debug|x86.Deploy.0 = Debug|x86
		{7CF06189-81AF-4761-B2B7-F524F2FB9E38}.Release|Any CPU.ActiveCfg = Release|x86
		{7CF06189-81AF-4761-B2B7-F524F2FB9E38}.Release|ARM.ActiveCfg = Release|ARM
		{7CF06189-81AF-4761-B2B7-F524F2FB9E38}.Release|ARM.Build.0 = Release|ARM
		{7CF06189-81AF-4761-B2B7-F524F2FB9E38}.Release|ARM.Deploy.0 = Release|ARM
		{7CF06189-81AF-4761-B2B7-F524F2FB9E38}.Release|iPhone.ActiveCfg = Release|x86
		{7CF06189-81AF-4761-B2B7-F524F2FB9E38}.Release|iPhoneSimulator.ActiveCfg = Release|x86
		{7CF06189-81AF-4761-B2B7-F524F2FB9E38}.Release|x64.ActiveCfg = Release|x64
		{7CF06189-81AF-4761-B2B7-F524F2FB9E38}.Release|x64.Build.0 = Release|x64
		{7CF06189-81AF-4761-B2B7-F524F2FB9E38}.Release|x64.Deploy.0 = Release|x64
		{7CF06189-81AF-4761-B2B7-F524F2FB9E38}.Release|x86.ActiveCfg = Release|x86
		{7CF06189-81AF-4761-B2B7-F524F2FB9E38}.Release|x86.Build.0 = Release|x86
		{7CF06189-81AF-4761-B2B7-F524F2FB9E38}.Release|x86.Deploy.0 = Release|x86
		{77CA7CAE-B0C0-4B63-B583-1ECB3E7BDA82}.Ad-Hoc|Any CPU.ActiveCfg = Ad-Hoc|iPhone
		{77CA7CAE-B0C0-4B63-B583-1ECB3E7BDA82}.Ad-Hoc|ARM.ActiveCfg = Ad-Hoc|iPhone
		{77CA7CAE-B0C0-4B63-B583-1ECB3E7BDA82}.Ad-Hoc|iPhone.ActiveCfg = Ad-Hoc|iPhone
		{77CA7CAE-B0C0-4B63-B583-1ECB3E7BDA82}.Ad-Hoc|iPhone.Build.0 = Ad-Hoc|iPhone
		{77CA7CAE-B0C0-4B63-B583-1ECB3E7BDA82}.Ad-Hoc|iPhoneSimulator.ActiveCfg = Ad-Hoc|iPhoneSimulator
		{77CA7CAE-B0C0-4B63-B583-1ECB3E7BDA82}.Ad-Hoc|iPhoneSimulator.Build.0 = Ad-Hoc|iPhoneSimulator
		{77CA7CAE-B0C0-4B63-B583-1ECB3E7BDA82}.Ad-Hoc|x64.ActiveCfg = Ad-Hoc|iPhone
		{77CA7CAE-B0C0-4B63-B583-1ECB3E7BDA82}.Ad-Hoc|x86.ActiveCfg = Ad-Hoc|iPhone
		{77CA7CAE-B0C0-4B63-B583-1ECB3E7BDA82}.AppStore|Any CPU.ActiveCfg = AppStore|iPhone
		{77CA7CAE-B0C0-4B63-B583-1ECB3E7BDA82}.AppStore|ARM.ActiveCfg = AppStore|iPhone
		{77CA7CAE-B0C0-4B63-B583-1ECB3E7BDA82}.AppStore|iPhone.ActiveCfg = AppStore|iPhone
		{77CA7CAE-B0C0-4B63-B583-1ECB3E7BDA82}.AppStore|iPhone.Build.0 = AppStore|iPhone
		{77CA7CAE-B0C0-4B63-B583-1ECB3E7BDA82}.AppStore|iPhoneSimulator.ActiveCfg = AppStore|iPhoneSimulator
		{77CA7CAE-B0C0-4B63-B583-1ECB3E7BDA82}.AppStore|iPhoneSimulator.Build.0 = AppStore|iPhoneSimulator
		{77CA7CAE-B0C0-4B63-B583-1ECB3E7BDA82}.AppStore|x64.ActiveCfg = AppStore|iPhone
		{77CA7CAE-B0C0-4B63-B583-1ECB3E7BDA82}.AppStore|x86.ActiveCfg = AppStore|iPhone
		{77CA7CAE-B0C0-4B63-B583-1ECB3E7BDA82}.Debug|Any CPU.ActiveCfg = Debug|iPhone
		{77CA7CAE-B0C0-4B63-B583-1ECB3E7BDA82}.Debug|ARM.ActiveCfg = Debug|iPhone
		{77CA7CAE-B0C0-4B63-B583-1ECB3E7BDA82}.Debug|iPhone.ActiveCfg = Debug|iPhone
		{77CA7CAE-B0C0-4B63-B583-1ECB3E7BDA82}.Debug|iPhone.Build.0 = Debug|iPhone
		{77CA7CAE-B0C0-4B63-B583-1ECB3E7BDA82}.Debug|iPhoneSimulator.ActiveCfg = Debug|iPhoneSimulator
		{77CA7CAE-B0C0-4B63-B583-1ECB3E7BDA82}.Debug|iPhoneSimulator.Build.0 = Debug|iPhoneSimulator
		{77CA7CAE-B0C0-4B63-B583-1ECB3E7BDA82}.Debug|x64.ActiveCfg = Debug|iPhone
		{77CA7CAE-B0C0-4B63-B583-1ECB3E7BDA82}.Debug|x86.ActiveCfg = Debug|iPhone
		{77CA7CAE-B0C0-4B63-B583-1ECB3E7BDA82}.Release|Any CPU.ActiveCfg = Release|iPhone
		{77CA7CAE-B0C0-4B63-B583-1ECB3E7BDA82}.Release|ARM.ActiveCfg = Release|iPhone
		{77CA7CAE-B0C0-4B63-B583-1ECB3E7BDA82}.Release|iPhone.ActiveCfg = Release|iPhone
		{77CA7CAE-B0C0-4B63-B583-1ECB3E7BDA82}.Release|iPhone.Build.0 = Release|iPhone
		{77CA7CAE-B0C0-4B63-B583-1ECB3E7BDA82}.Release|iPhoneSimulator.ActiveCfg = Release|iPhoneSimulator
		{77CA7CAE-B0C0-4B63-B583-1ECB3E7BDA82}.Release|iPhoneSimulator.Build.0 = Release|iPhoneSimulator
		{77CA7CAE-B0C0-4B63-B583-1ECB3E7BDA82}.Release|x64.ActiveCfg = Release|iPhone
		{77CA7CAE-B0C0-4B63-B583-1ECB3E7BDA82}.Release|x86.ActiveCfg = Release|iPhone
		{50E03492-A06D-4702-9736-B14B56111E90}.Ad-Hoc|Any CPU.ActiveCfg = Release|Any CPU
		{50E03492-A06D-4702-9736-B14B56111E90}.Ad-Hoc|Any CPU.Build.0 = Release|Any CPU
		{50E03492-A06D-4702-9736-B14B56111E90}.Ad-Hoc|ARM.ActiveCfg = Release|ARM
		{50E03492-A06D-4702-9736-B14B56111E90}.Ad-Hoc|ARM.Build.0 = Release|ARM
		{50E03492-A06D-4702-9736-B14B56111E90}.Ad-Hoc|iPhone.ActiveCfg = Release|Any CPU
		{50E03492-A06D-4702-9736-B14B56111E90}.Ad-Hoc|iPhone.Build.0 = Release|Any CPU
		{50E03492-A06D-4702-9736-B14B56111E90}.Ad-Hoc|iPhoneSimulator.ActiveCfg = Release|Any CPU
		{50E03492-A06D-4702-9736-B14B56111E90}.Ad-Hoc|iPhoneSimulator.Build.0 = Release|Any CPU
		{50E03492-A06D-4702-9736-B14B56111E90}.Ad-Hoc|x64.ActiveCfg = Release|x64
		{50E03492-A06D-4702-9736-B14B56111E90}.Ad-Hoc|x64.Build.0 = Release|x64
		{50E03492-A06D-4702-9736-B14B56111E90}.Ad-Hoc|x86.ActiveCfg = Release|x86
		{50E03492-A06D-4702-9736-B14B56111E90}.Ad-Hoc|x86.Build.0 = Release|x86
		{50E03492-A06D-4702-9736-B14B56111E90}.AppStore|Any CPU.ActiveCfg = Release|Any CPU
		{50E03492-A06D-4702-9736-B14B56111E90}.AppStore|Any CPU.Build.0 = Release|Any CPU
		{50E03492-A06D-4702-9736-B14B56111E90}.AppStore|ARM.ActiveCfg = Release|ARM
		{50E03492-A06D-4702-9736-B14B56111E90}.AppStore|ARM.Build.0 = Release|ARM
		{50E03492-A06D-4702-9736-B14B56111E90}.AppStore|iPhone.ActiveCfg = Release|Any CPU
		{50E03492-A06D-4702-9736-B14B56111E90}.AppStore|iPhone.Build.0 = Release|Any CPU
		{50E03492-A06D-4702-9736-B14B56111E90}.AppStore|iPhoneSimulator.ActiveCfg = Release|Any CPU
		{50E03492-A06D-4702-9736-B14B56111E90}.AppStore|iPhoneSimulator.Build.0 = Release|Any CPU
		{50E03492-A06D-4702-9736-B14B56111E90}.AppStore|x64.ActiveCfg = Release|x64
		{50E03492-A06D-4702-9736-B14B56111E90}.AppStore|x64.Build.0 = Release|x64
		{50E03492-A06D-4702-9736-B14B56111E90}.AppStore|x86.ActiveCfg = Release|x86
		{50E03492-A06D-4702-9736-B14B56111E90}.AppStore|x86.Build.0 = Release|x86
		{50E03492-A06D-4702-9736-B14B56111E90}.Debug|Any CPU.ActiveCfg = Debug|Any CPU
		{50E03492-A06D-4702-9736-B14B56111E90}.Debug|Any CPU.Build.0 = Debug|Any CPU
		{50E03492-A06D-4702-9736-B14B56111E90}.Debug|ARM.ActiveCfg = Debug|ARM
		{50E03492-A06D-4702-9736-B14B56111E90}.Debug|ARM.Build.0 = Debug|ARM
		{50E03492-A06D-4702-9736-B14B56111E90}.Debug|iPhone.ActiveCfg = Debug|Any CPU
		{50E03492-A06D-4702-9736-B14B56111E90}.Debug|iPhone.Build.0 = Debug|Any CPU
		{50E03492-A06D-4702-9736-B14B56111E90}.Debug|iPhoneSimulator.ActiveCfg = Debug|Any CPU
		{50E03492-A06D-4702-9736-B14B56111E90}.Debug|iPhoneSimulator.Build.0 = Debug|Any CPU
		{50E03492-A06D-4702-9736-B14B56111E90}.Debug|x64.ActiveCfg = Debug|x64
		{50E03492-A06D-4702-9736-B14B56111E90}.Debug|x64.Build.0 = Debug|x64
		{50E03492-A06D-4702-9736-B14B56111E90}.Debug|x86.ActiveCfg = Debug|x86
		{50E03492-A06D-4702-9736-B14B56111E90}.Debug|x86.Build.0 = Debug|x86
		{50E03492-A06D-4702-9736-B14B56111E90}.Release|Any CPU.ActiveCfg = Release|Any CPU
		{50E03492-A06D-4702-9736-B14B56111E90}.Release|Any CPU.Build.0 = Release|Any CPU
		{50E03492-A06D-4702-9736-B14B56111E90}.Release|ARM.ActiveCfg = Release|ARM
		{50E03492-A06D-4702-9736-B14B56111E90}.Release|ARM.Build.0 = Release|ARM
		{50E03492-A06D-4702-9736-B14B56111E90}.Release|iPhone.ActiveCfg = Release|Any CPU
		{50E03492-A06D-4702-9736-B14B56111E90}.Release|iPhone.Build.0 = Release|Any CPU
		{50E03492-A06D-4702-9736-B14B56111E90}.Release|iPhoneSimulator.ActiveCfg = Release|Any CPU
		{50E03492-A06D-4702-9736-B14B56111E90}.Release|iPhoneSimulator.Build.0 = Release|Any CPU
		{50E03492-A06D-4702-9736-B14B56111E90}.Release|x64.ActiveCfg = Release|x64
		{50E03492-A06D-4702-9736-B14B56111E90}.Release|x64.Build.0 = Release|x64
		{50E03492-A06D-4702-9736-B14B56111E90}.Release|x86.ActiveCfg = Release|x86
		{50E03492-A06D-4702-9736-B14B56111E90}.Release|x86.Build.0 = Release|x86
		{E71F3053-056C-4381-9638-048ED73BDFF6}.Ad-Hoc|Any CPU.ActiveCfg = Release|Any CPU
		{E71F3053-056C-4381-9638-048ED73BDFF6}.Ad-Hoc|Any CPU.Build.0 = Release|Any CPU
		{E71F3053-056C-4381-9638-048ED73BDFF6}.Ad-Hoc|ARM.ActiveCfg = Release|Any CPU
		{E71F3053-056C-4381-9638-048ED73BDFF6}.Ad-Hoc|ARM.Build.0 = Release|Any CPU
		{E71F3053-056C-4381-9638-048ED73BDFF6}.Ad-Hoc|iPhone.ActiveCfg = Release|Any CPU
		{E71F3053-056C-4381-9638-048ED73BDFF6}.Ad-Hoc|iPhone.Build.0 = Release|Any CPU
		{E71F3053-056C-4381-9638-048ED73BDFF6}.Ad-Hoc|iPhoneSimulator.ActiveCfg = Release|Any CPU
		{E71F3053-056C-4381-9638-048ED73BDFF6}.Ad-Hoc|iPhoneSimulator.Build.0 = Release|Any CPU
		{E71F3053-056C-4381-9638-048ED73BDFF6}.Ad-Hoc|x64.ActiveCfg = Release|Any CPU
		{E71F3053-056C-4381-9638-048ED73BDFF6}.Ad-Hoc|x64.Build.0 = Release|Any CPU
		{E71F3053-056C-4381-9638-048ED73BDFF6}.Ad-Hoc|x86.ActiveCfg = Release|Any CPU
		{E71F3053-056C-4381-9638-048ED73BDFF6}.Ad-Hoc|x86.Build.0 = Release|Any CPU
		{E71F3053-056C-4381-9638-048ED73BDFF6}.AppStore|Any CPU.ActiveCfg = Release|Any CPU
		{E71F3053-056C-4381-9638-048ED73BDFF6}.AppStore|Any CPU.Build.0 = Release|Any CPU
		{E71F3053-056C-4381-9638-048ED73BDFF6}.AppStore|ARM.ActiveCfg = Release|Any CPU
		{E71F3053-056C-4381-9638-048ED73BDFF6}.AppStore|ARM.Build.0 = Release|Any CPU
		{E71F3053-056C-4381-9638-048ED73BDFF6}.AppStore|iPhone.ActiveCfg = Release|Any CPU
		{E71F3053-056C-4381-9638-048ED73BDFF6}.AppStore|iPhone.Build.0 = Release|Any CPU
		{E71F3053-056C-4381-9638-048ED73BDFF6}.AppStore|iPhoneSimulator.ActiveCfg = Release|Any CPU
		{E71F3053-056C-4381-9638-048ED73BDFF6}.AppStore|iPhoneSimulator.Build.0 = Release|Any CPU
		{E71F3053-056C-4381-9638-048ED73BDFF6}.AppStore|x64.ActiveCfg = Release|Any CPU
		{E71F3053-056C-4381-9638-048ED73BDFF6}.AppStore|x64.Build.0 = Release|Any CPU
		{E71F3053-056C-4381-9638-048ED73BDFF6}.AppStore|x86.ActiveCfg = Release|Any CPU
		{E71F3053-056C-4381-9638-048ED73BDFF6}.AppStore|x86.Build.0 = Release|Any CPU
		{E71F3053-056C-4381-9638-048ED73BDFF6}.Debug|Any CPU.ActiveCfg = Debug|Any CPU
		{E71F3053-056C-4381-9638-048ED73BDFF6}.Debug|Any CPU.Build.0 = Debug|Any CPU
		{E71F3053-056C-4381-9638-048ED73BDFF6}.Debug|ARM.ActiveCfg = Debug|Any CPU
		{E71F3053-056C-4381-9638-048ED73BDFF6}.Debug|ARM.Build.0 = Debug|Any CPU
		{E71F3053-056C-4381-9638-048ED73BDFF6}.Debug|iPhone.ActiveCfg = Debug|Any CPU
		{E71F3053-056C-4381-9638-048ED73BDFF6}.Debug|iPhone.Build.0 = Debug|Any CPU
		{E71F3053-056C-4381-9638-048ED73BDFF6}.Debug|iPhoneSimulator.ActiveCfg = Debug|Any CPU
		{E71F3053-056C-4381-9638-048ED73BDFF6}.Debug|iPhoneSimulator.Build.0 = Debug|Any CPU
		{E71F3053-056C-4381-9638-048ED73BDFF6}.Debug|x64.ActiveCfg = Debug|Any CPU
		{E71F3053-056C-4381-9638-048ED73BDFF6}.Debug|x64.Build.0 = Debug|Any CPU
		{E71F3053-056C-4381-9638-048ED73BDFF6}.Debug|x86.ActiveCfg = Debug|Any CPU
		{E71F3053-056C-4381-9638-048ED73BDFF6}.Debug|x86.Build.0 = Debug|Any CPU
		{E71F3053-056C-4381-9638-048ED73BDFF6}.Release|Any CPU.ActiveCfg = Release|Any CPU
		{E71F3053-056C-4381-9638-048ED73BDFF6}.Release|Any CPU.Build.0 = Release|Any CPU
		{E71F3053-056C-4381-9638-048ED73BDFF6}.Release|ARM.ActiveCfg = Release|Any CPU
		{E71F3053-056C-4381-9638-048ED73BDFF6}.Release|ARM.Build.0 = Release|Any CPU
		{E71F3053-056C-4381-9638-048ED73BDFF6}.Release|iPhone.ActiveCfg = Release|Any CPU
		{E71F3053-056C-4381-9638-048ED73BDFF6}.Release|iPhone.Build.0 = Release|Any CPU
		{E71F3053-056C-4381-9638-048ED73BDFF6}.Release|iPhoneSimulator.ActiveCfg = Release|Any CPU
		{E71F3053-056C-4381-9638-048ED73BDFF6}.Release|iPhoneSimulator.Build.0 = Release|Any CPU
		{E71F3053-056C-4381-9638-048ED73BDFF6}.Release|x64.ActiveCfg = Release|Any CPU
		{E71F3053-056C-4381-9638-048ED73BDFF6}.Release|x64.Build.0 = Release|Any CPU
		{E71F3053-056C-4381-9638-048ED73BDFF6}.Release|x86.ActiveCfg = Release|Any CPU
		{E71F3053-056C-4381-9638-048ED73BDFF6}.Release|x86.Build.0 = Release|Any CPU
		{8C8EAA13-5824-462C-8149-D87DB8AFE587}.Ad-Hoc|Any CPU.ActiveCfg = Release|Any CPU
		{8C8EAA13-5824-462C-8149-D87DB8AFE587}.Ad-Hoc|Any CPU.Build.0 = Release|Any CPU
		{8C8EAA13-5824-462C-8149-D87DB8AFE587}.Ad-Hoc|ARM.ActiveCfg = Release|Any CPU
		{8C8EAA13-5824-462C-8149-D87DB8AFE587}.Ad-Hoc|ARM.Build.0 = Release|Any CPU
		{8C8EAA13-5824-462C-8149-D87DB8AFE587}.Ad-Hoc|iPhone.ActiveCfg = Release|Any CPU
		{8C8EAA13-5824-462C-8149-D87DB8AFE587}.Ad-Hoc|iPhone.Build.0 = Release|Any CPU
		{8C8EAA13-5824-462C-8149-D87DB8AFE587}.Ad-Hoc|iPhoneSimulator.ActiveCfg = Release|Any CPU
		{8C8EAA13-5824-462C-8149-D87DB8AFE587}.Ad-Hoc|iPhoneSimulator.Build.0 = Release|Any CPU
		{8C8EAA13-5824-462C-8149-D87DB8AFE587}.Ad-Hoc|x64.ActiveCfg = Release|Any CPU
		{8C8EAA13-5824-462C-8149-D87DB8AFE587}.Ad-Hoc|x64.Build.0 = Release|Any CPU
		{8C8EAA13-5824-462C-8149-D87DB8AFE587}.Ad-Hoc|x86.ActiveCfg = Release|Any CPU
		{8C8EAA13-5824-462C-8149-D87DB8AFE587}.Ad-Hoc|x86.Build.0 = Release|Any CPU
		{8C8EAA13-5824-462C-8149-D87DB8AFE587}.AppStore|Any CPU.ActiveCfg = Release|Any CPU
		{8C8EAA13-5824-462C-8149-D87DB8AFE587}.AppStore|Any CPU.Build.0 = Release|Any CPU
		{8C8EAA13-5824-462C-8149-D87DB8AFE587}.AppStore|ARM.ActiveCfg = Release|Any CPU
		{8C8EAA13-5824-462C-8149-D87DB8AFE587}.AppStore|ARM.Build.0 = Release|Any CPU
		{8C8EAA13-5824-462C-8149-D87DB8AFE587}.AppStore|iPhone.ActiveCfg = Release|Any CPU
		{8C8EAA13-5824-462C-8149-D87DB8AFE587}.AppStore|iPhone.Build.0 = Release|Any CPU
		{8C8EAA13-5824-462C-8149-D87DB8AFE587}.AppStore|iPhoneSimulator.ActiveCfg = Release|Any CPU
		{8C8EAA13-5824-462C-8149-D87DB8AFE587}.AppStore|iPhoneSimulator.Build.0 = Release|Any CPU
		{8C8EAA13-5824-462C-8149-D87DB8AFE587}.AppStore|x64.ActiveCfg = Release|Any CPU
		{8C8EAA13-5824-462C-8149-D87DB8AFE587}.AppStore|x64.Build.0 = Release|Any CPU
		{8C8EAA13-5824-462C-8149-D87DB8AFE587}.AppStore|x86.ActiveCfg = Release|Any CPU
		{8C8EAA13-5824-462C-8149-D87DB8AFE587}.AppStore|x86.Build.0 = Release|Any CPU
		{8C8EAA13-5824-462C-8149-D87DB8AFE587}.Debug|Any CPU.ActiveCfg = Debug|Any CPU
		{8C8EAA13-5824-462C-8149-D87DB8AFE587}.Debug|Any CPU.Build.0 = Debug|Any CPU
		{8C8EAA13-5824-462C-8149-D87DB8AFE587}.Debug|ARM.ActiveCfg = Debug|Any CPU
		{8C8EAA13-5824-462C-8149-D87DB8AFE587}.Debug|ARM.Build.0 = Debug|Any CPU
		{8C8EAA13-5824-462C-8149-D87DB8AFE587}.Debug|iPhone.ActiveCfg = Debug|Any CPU
		{8C8EAA13-5824-462C-8149-D87DB8AFE587}.Debug|iPhone.Build.0 = Debug|Any CPU
		{8C8EAA13-5824-462C-8149-D87DB8AFE587}.Debug|iPhoneSimulator.ActiveCfg = Debug|Any CPU
		{8C8EAA13-5824-462C-8149-D87DB8AFE587}.Debug|iPhoneSimulator.Build.0 = Debug|Any CPU
		{8C8EAA13-5824-462C-8149-D87DB8AFE587}.Debug|x64.ActiveCfg = Debug|Any CPU
		{8C8EAA13-5824-462C-8149-D87DB8AFE587}.Debug|x64.Build.0 = Debug|Any CPU
		{8C8EAA13-5824-462C-8149-D87DB8AFE587}.Debug|x86.ActiveCfg = Debug|Any CPU
		{8C8EAA13-5824-462C-8149-D87DB8AFE587}.Debug|x86.Build.0 = Debug|Any CPU
		{8C8EAA13-5824-462C-8149-D87DB8AFE587}.Release|Any CPU.ActiveCfg = Release|Any CPU
		{8C8EAA13-5824-462C-8149-D87DB8AFE587}.Release|Any CPU.Build.0 = Release|Any CPU
		{8C8EAA13-5824-462C-8149-D87DB8AFE587}.Release|ARM.ActiveCfg = Release|Any CPU
		{8C8EAA13-5824-462C-8149-D87DB8AFE587}.Release|ARM.Build.0 = Release|Any CPU
		{8C8EAA13-5824-462C-8149-D87DB8AFE587}.Release|iPhone.ActiveCfg = Release|Any CPU
		{8C8EAA13-5824-462C-8149-D87DB8AFE587}.Release|iPhone.Build.0 = Release|Any CPU
		{8C8EAA13-5824-462C-8149-D87DB8AFE587}.Release|iPhoneSimulator.ActiveCfg = Release|Any CPU
		{8C8EAA13-5824-462C-8149-D87DB8AFE587}.Release|iPhoneSimulator.Build.0 = Release|Any CPU
		{8C8EAA13-5824-462C-8149-D87DB8AFE587}.Release|x64.ActiveCfg = Release|Any CPU
		{8C8EAA13-5824-462C-8149-D87DB8AFE587}.Release|x64.Build.0 = Release|Any CPU
		{8C8EAA13-5824-462C-8149-D87DB8AFE587}.Release|x86.ActiveCfg = Release|Any CPU
		{8C8EAA13-5824-462C-8149-D87DB8AFE587}.Release|x86.Build.0 = Release|Any CPU
	EndGlobalSection
	GlobalSection(SolutionProperties) = preSolution
		HideSolutionNode = FALSE
	EndGlobalSection
	GlobalSection(NestedProjects) = preSolution
		{698E271B-97B3-4FD8-A81D-0B149033FB9A} = {BD8D06B2-73E2-49DF-8271-48F4E738C515}
		{0F2207FE-7E51-43D6-84C0-FE0A07FB5616} = {BD8D06B2-73E2-49DF-8271-48F4E738C515}
		{86BC6014-AC2D-452B-A4C4-D8E90CD54596} = {CBB5AAEE-1D86-464C-8799-AEDC640CFF0B}
		{C23B926D-F3D4-4373-B7DB-0C839D9E4651} = {3C2B4E53-B6D0-4EBC-9337-541BEAA20D8A}
		{A5CCFD54-5154-4BF4-AA46-03937AD7326D} = {3C2B4E53-B6D0-4EBC-9337-541BEAA20D8A}
		{7CF06189-81AF-4761-B2B7-F524F2FB9E38} = {3C2B4E53-B6D0-4EBC-9337-541BEAA20D8A}
		{77CA7CAE-B0C0-4B63-B583-1ECB3E7BDA82} = {3C2B4E53-B6D0-4EBC-9337-541BEAA20D8A}
		{50E03492-A06D-4702-9736-B14B56111E90} = {CBB5AAEE-1D86-464C-8799-AEDC640CFF0B}
		{E71F3053-056C-4381-9638-048ED73BDFF6} = {CBB5AAEE-1D86-464C-8799-AEDC640CFF0B}
		{8C8EAA13-5824-462C-8149-D87DB8AFE587} = {CBB5AAEE-1D86-464C-8799-AEDC640CFF0B}
	EndGlobalSection
	GlobalSection(ExtensibilityGlobals) = postSolution
		SolutionGuid = {0E688A5C-2B45-469F-BA45-9DC658C9925F}
	EndGlobalSection
EndGlobal
