
Microsoft Visual Studio Solution File, Format Version 12.00
# Visual Studio 15
VisualStudioVersion = 15.0.26206.0
MinimumVisualStudioVersion = 10.0.40219.1
Project("{9A19103F-16F7-4668-BE54-9A1E7A4F7556}") = "PdfSharp", "PdfSharp\PdfSharp.csproj", "{12C8A982-65A0-4A1C-8385-E3CBE047E910}"
EndProject
Project("{FAE04EC0-301F-11D3-BF4B-00C04F79EFBC}") = "Example", "Example\Example.csproj", "{A708DC7A-3D7A-4CD8-8735-709D7C8AA447}"
EndProject
Project("{9A19103F-16F7-4668-BE54-9A1E7A4F7556}") = "MigraDoc.DocumentObjectModel", "MigraDoc.DocumentObjectModel\MigraDoc.DocumentObjectModel.csproj", "{DFE7E8BC-7AEB-45E1-A4B9-9DFAE4EB744F}"
EndProject
Project("{9A19103F-16F7-4668-BE54-9A1E7A4F7556}") = "MigraDoc.Rendering", "MigraDoc.Rendering\MigraDoc.Rendering.csproj", "{8D050E9E-6BCE-4497-B203-BA0842EAC7A5}"
EndProject
Project("{FAE04EC0-301F-11D3-BF4B-00C04F79EFBC}") = "PdfSharp.Charting", "PdfSharp.Charting\PdfSharp.Charting.csproj", "{31254906-A55F-4D0E-A272-CBDA61FBF950}"
EndProject
Global
	GlobalSection(SolutionConfigurationPlatforms) = preSolution
		Debug|Any CPU = Debug|Any CPU
		Debug|x64 = Debug|x64
		Debug|x86 = Debug|x86
		Release|Any CPU = Release|Any CPU
		Release|x64 = Release|x64
		Release|x86 = Release|x86
	EndGlobalSection
	GlobalSection(ProjectConfigurationPlatforms) = postSolution
		{12C8A982-65A0-4A1C-8385-E3CBE047E910}.Debug|Any CPU.ActiveCfg = Debug|Any CPU
		{12C8A982-65A0-4A1C-8385-E3CBE047E910}.Debug|Any CPU.Build.0 = Debug|Any CPU
		{12C8A982-65A0-4A1C-8385-E3CBE047E910}.Debug|x64.ActiveCfg = Debug|x64
		{12C8A982-65A0-4A1C-8385-E3CBE047E910}.Debug|x64.Build.0 = Debug|x64
		{12C8A982-65A0-4A1C-8385-E3CBE047E910}.Debug|x86.ActiveCfg = Debug|x86
		{12C8A982-65A0-4A1C-8385-E3CBE047E910}.Debug|x86.Build.0 = Debug|x86
		{12C8A982-65A0-4A1C-8385-E3CBE047E910}.Release|Any CPU.ActiveCfg = Release|Any CPU
		{12C8A982-65A0-4A1C-8385-E3CBE047E910}.Release|Any CPU.Build.0 = Release|Any CPU
		{12C8A982-65A0-4A1C-8385-E3CBE047E910}.Release|x64.ActiveCfg = Release|x64
		{12C8A982-65A0-4A1C-8385-E3CBE047E910}.Release|x64.Build.0 = Release|x64
		{12C8A982-65A0-4A1C-8385-E3CBE047E910}.Release|x86.ActiveCfg = Release|x86
		{12C8A982-65A0-4A1C-8385-E3CBE047E910}.Release|x86.Build.0 = Release|x86
		{A708DC7A-3D7A-4CD8-8735-709D7C8AA447}.Debug|Any CPU.ActiveCfg = Debug|Any CPU
		{A708DC7A-3D7A-4CD8-8735-709D7C8AA447}.Debug|Any CPU.Build.0 = Debug|Any CPU
		{A708DC7A-3D7A-4CD8-8735-709D7C8AA447}.Debug|x64.ActiveCfg = Debug|x64
		{A708DC7A-3D7A-4CD8-8735-709D7C8AA447}.Debug|x64.Build.0 = Debug|x64
		{A708DC7A-3D7A-4CD8-8735-709D7C8AA447}.Debug|x86.ActiveCfg = Debug|x86
		{A708DC7A-3D7A-4CD8-8735-709D7C8AA447}.Debug|x86.Build.0 = Debug|x86
		{A708DC7A-3D7A-4CD8-8735-709D7C8AA447}.Release|Any CPU.ActiveCfg = Release|Any CPU
		{A708DC7A-3D7A-4CD8-8735-709D7C8AA447}.Release|Any CPU.Build.0 = Release|Any CPU
		{A708DC7A-3D7A-4CD8-8735-709D7C8AA447}.Release|x64.ActiveCfg = Release|x64
		{A708DC7A-3D7A-4CD8-8735-709D7C8AA447}.Release|x64.Build.0 = Release|x64
		{A708DC7A-3D7A-4CD8-8735-709D7C8AA447}.Release|x86.ActiveCfg = Release|x86
		{A708DC7A-3D7A-4CD8-8735-709D7C8AA447}.Release|x86.Build.0 = Release|x86
		{DFE7E8BC-7AEB-45E1-A4B9-9DFAE4EB744F}.Debug|Any CPU.ActiveCfg = Debug|Any CPU
		{DFE7E8BC-7AEB-45E1-A4B9-9DFAE4EB744F}.Debug|Any CPU.Build.0 = Debug|Any CPU
		{DFE7E8BC-7AEB-45E1-A4B9-9DFAE4EB744F}.Debug|x64.ActiveCfg = Debug|x64
		{DFE7E8BC-7AEB-45E1-A4B9-9DFAE4EB744F}.Debug|x64.Build.0 = Debug|x64
		{DFE7E8BC-7AEB-45E1-A4B9-9DFAE4EB744F}.Debug|x86.ActiveCfg = Debug|x86
		{DFE7E8BC-7AEB-45E1-A4B9-9DFAE4EB744F}.Debug|x86.Build.0 = Debug|x86
		{DFE7E8BC-7AEB-45E1-A4B9-9DFAE4EB744F}.Release|Any CPU.ActiveCfg = Release|Any CPU
		{DFE7E8BC-7AEB-45E1-A4B9-9DFAE4EB744F}.Release|Any CPU.Build.0 = Release|Any CPU
		{DFE7E8BC-7AEB-45E1-A4B9-9DFAE4EB744F}.Release|x64.ActiveCfg = Release|x64
		{DFE7E8BC-7AEB-45E1-A4B9-9DFAE4EB744F}.Release|x64.Build.0 = Release|x64
		{DFE7E8BC-7AEB-45E1-A4B9-9DFAE4EB744F}.Release|x86.ActiveCfg = Release|x86
		{DFE7E8BC-7AEB-45E1-A4B9-9DFAE4EB744F}.Release|x86.Build.0 = Release|x86
		{8D050E9E-6BCE-4497-B203-BA0842EAC7A5}.Debug|Any CPU.ActiveCfg = Debug|Any CPU
		{8D050E9E-6BCE-4497-B203-BA0842EAC7A5}.Debug|Any CPU.Build.0 = Debug|Any CPU
		{8D050E9E-6BCE-4497-B203-BA0842EAC7A5}.Debug|x64.ActiveCfg = Debug|x64
		{8D050E9E-6BCE-4497-B203-BA0842EAC7A5}.Debug|x64.Build.0 = Debug|x64
		{8D050E9E-6BCE-4497-B203-BA0842EAC7A5}.Debug|x86.ActiveCfg = Debug|x86
		{8D050E9E-6BCE-4497-B203-BA0842EAC7A5}.Debug|x86.Build.0 = Debug|x86
		{8D050E9E-6BCE-4497-B203-BA0842EAC7A5}.Release|Any CPU.ActiveCfg = Release|Any CPU
		{8D050E9E-6BCE-4497-B203-BA0842EAC7A5}.Release|Any CPU.Build.0 = Release|Any CPU
		{8D050E9E-6BCE-4497-B203-BA0842EAC7A5}.Release|x64.ActiveCfg = Release|x64
		{8D050E9E-6BCE-4497-B203-BA0842EAC7A5}.Release|x64.Build.0 = Release|x64
		{8D050E9E-6BCE-4497-B203-BA0842EAC7A5}.Release|x86.ActiveCfg = Release|x86
		{8D050E9E-6BCE-4497-B203-BA0842EAC7A5}.Release|x86.Build.0 = Release|x86
		{31254906-A55F-4D0E-A272-CBDA61FBF950}.Debug|Any CPU.ActiveCfg = Debug|Any CPU
		{31254906-A55F-4D0E-A272-CBDA61FBF950}.Debug|Any CPU.Build.0 = Debug|Any CPU
		{31254906-A55F-4D0E-A272-CBDA61FBF950}.Debug|x64.ActiveCfg = Debug|x64
		{31254906-A55F-4D0E-A272-CBDA61FBF950}.Debug|x64.Build.0 = Debug|x64
		{31254906-A55F-4D0E-A272-CBDA61FBF950}.Debug|x86.ActiveCfg = Debug|x86
		{31254906-A55F-4D0E-A272-CBDA61FBF950}.Debug|x86.Build.0 = Debug|x86
		{31254906-A55F-4D0E-A272-CBDA61FBF950}.Release|Any CPU.ActiveCfg = Release|Any CPU
		{31254906-A55F-4D0E-A272-CBDA61FBF950}.Release|Any CPU.Build.0 = Release|Any CPU
		{31254906-A55F-4D0E-A272-CBDA61FBF950}.Release|x64.ActiveCfg = Release|x64
		{31254906-A55F-4D0E-A272-CBDA61FBF950}.Release|x64.Build.0 = Release|x64
		{31254906-A55F-4D0E-A272-CBDA61FBF950}.Release|x86.ActiveCfg = Release|x86
		{31254906-A55F-4D0E-A272-CBDA61FBF950}.Release|x86.Build.0 = Release|x86
	EndGlobalSection
	GlobalSection(SolutionProperties) = preSolution
		HideSolutionNode = FALSE
	EndGlobalSection
EndGlobal
