
Microsoft Visual Studio Solution File, Format Version 12.00
# Visual Studio 14
VisualStudioVersion = 14.0.25420.1
MinimumVisualStudioVersion = 10.0.40219.1
Project("{FAE04EC0-301F-11D3-BF4B-00C04F79EFBC}") = "MigraDocCore.DocumentObjectModel.vs2015", "MigraDocCore.DocumentObjectModel\MigraDocCore.DocumentObjectModel.vs2015.csproj", "{9A5C82C4-AEB5-453E-B721-F7663EAEC7FA}"
EndProject
Project("{FAE04EC0-301F-11D3-BF4B-00C04F79EFBC}") = "PdfSharpCore.vs2015", "PdfSharpCore\PdfSharpCore.vs2015.csproj", "{F5D24A4A-CF1A-4610-AE5B-22FCAC6A5D22}"
EndProject
Project("{FAE04EC0-301F-11D3-BF4B-00C04F79EFBC}") = "MigraDocCore.Rendering.vs2015", "MigraDocCore.Rendering\MigraDocCore.Rendering.vs2015.csproj", "{C6F8EE8D-3D17-46B2-9844-084E43AD48A4}"
EndProject
Project("{FAE04EC0-301F-11D3-BF4B-00C04F79EFBC}") = "PdfSharpCore.Charting.vs2015", "PdfSharpCore.Charting\PdfSharpCore.Charting.vs2015.csproj", "{7ACDB1AD-8365-4C38-B28E-9B667B8D66EB}"
EndProject
Project("{FAE04EC0-301F-11D3-BF4B-00C04F79EFBC}") = "PdfSharpCore.Uwp.vs2015", "PdfSharpCore.Uwp\PdfSharpCore.Uwp.vs2015.csproj", "{2C340E5B-096F-496B-B975-3E5440F3DB8E}"
EndProject
Global
	GlobalSection(SolutionConfigurationPlatforms) = preSolution
		Debug|Any CPU = Debug|Any CPU
		Debug|ARM = Debug|ARM
		Debug|x64 = Debug|x64
		Debug|x86 = Debug|x86
		Release|Any CPU = Release|Any CPU
		Release|ARM = Release|ARM
		Release|x64 = Release|x64
		Release|x86 = Release|x86
	EndGlobalSection
	GlobalSection(ProjectConfigurationPlatforms) = postSolution
		{9A5C82C4-AEB5-453E-B721-F7663EAEC7FA}.Debug|Any CPU.ActiveCfg = Debug|Any CPU
		{9A5C82C4-AEB5-453E-B721-F7663EAEC7FA}.Debug|Any CPU.Build.0 = Debug|Any CPU
		{9A5C82C4-AEB5-453E-B721-F7663EAEC7FA}.Debug|ARM.ActiveCfg = Debug|Any CPU
		{9A5C82C4-AEB5-453E-B721-F7663EAEC7FA}.Debug|ARM.Build.0 = Debug|Any CPU
		{9A5C82C4-AEB5-453E-B721-F7663EAEC7FA}.Debug|x64.ActiveCfg = Debug|Any CPU
		{9A5C82C4-AEB5-453E-B721-F7663EAEC7FA}.Debug|x64.Build.0 = Debug|Any CPU
		{9A5C82C4-AEB5-453E-B721-F7663EAEC7FA}.Debug|x86.ActiveCfg = Debug|Any CPU
		{9A5C82C4-AEB5-453E-B721-F7663EAEC7FA}.Debug|x86.Build.0 = Debug|Any CPU
		{9A5C82C4-AEB5-453E-B721-F7663EAEC7FA}.Release|Any CPU.ActiveCfg = Release|Any CPU
		{9A5C82C4-AEB5-453E-B721-F7663EAEC7FA}.Release|Any CPU.Build.0 = Release|Any CPU
		{9A5C82C4-AEB5-453E-B721-F7663EAEC7FA}.Release|ARM.ActiveCfg = Release|Any CPU
		{9A5C82C4-AEB5-453E-B721-F7663EAEC7FA}.Release|ARM.Build.0 = Release|Any CPU
		{9A5C82C4-AEB5-453E-B721-F7663EAEC7FA}.Release|x64.ActiveCfg = Release|Any CPU
		{9A5C82C4-AEB5-453E-B721-F7663EAEC7FA}.Release|x64.Build.0 = Release|Any CPU
		{9A5C82C4-AEB5-453E-B721-F7663EAEC7FA}.Release|x86.ActiveCfg = Release|Any CPU
		{9A5C82C4-AEB5-453E-B721-F7663EAEC7FA}.Release|x86.Build.0 = Release|Any CPU
		{F5D24A4A-CF1A-4610-AE5B-22FCAC6A5D22}.Debug|Any CPU.ActiveCfg = Debug|Any CPU
		{F5D24A4A-CF1A-4610-AE5B-22FCAC6A5D22}.Debug|Any CPU.Build.0 = Debug|Any CPU
		{F5D24A4A-CF1A-4610-AE5B-22FCAC6A5D22}.Debug|ARM.ActiveCfg = Debug|Any CPU
		{F5D24A4A-CF1A-4610-AE5B-22FCAC6A5D22}.Debug|ARM.Build.0 = Debug|Any CPU
		{F5D24A4A-CF1A-4610-AE5B-22FCAC6A5D22}.Debug|x64.ActiveCfg = Debug|Any CPU
		{F5D24A4A-CF1A-4610-AE5B-22FCAC6A5D22}.Debug|x64.Build.0 = Debug|Any CPU
		{F5D24A4A-CF1A-4610-AE5B-22FCAC6A5D22}.Debug|x86.ActiveCfg = Debug|Any CPU
		{F5D24A4A-CF1A-4610-AE5B-22FCAC6A5D22}.Debug|x86.Build.0 = Debug|Any CPU
		{F5D24A4A-CF1A-4610-AE5B-22FCAC6A5D22}.Release|Any CPU.ActiveCfg = Release|Any CPU
		{F5D24A4A-CF1A-4610-AE5B-22FCAC6A5D22}.Release|Any CPU.Build.0 = Release|Any CPU
		{F5D24A4A-CF1A-4610-AE5B-22FCAC6A5D22}.Release|ARM.ActiveCfg = Release|Any CPU
		{F5D24A4A-CF1A-4610-AE5B-22FCAC6A5D22}.Release|ARM.Build.0 = Release|Any CPU
		{F5D24A4A-CF1A-4610-AE5B-22FCAC6A5D22}.Release|x64.ActiveCfg = Release|Any CPU
		{F5D24A4A-CF1A-4610-AE5B-22FCAC6A5D22}.Release|x64.Build.0 = Release|Any CPU
		{F5D24A4A-CF1A-4610-AE5B-22FCAC6A5D22}.Release|x86.ActiveCfg = Release|Any CPU
		{F5D24A4A-CF1A-4610-AE5B-22FCAC6A5D22}.Release|x86.Build.0 = Release|Any CPU
		{C6F8EE8D-3D17-46B2-9844-084E43AD48A4}.Debug|Any CPU.ActiveCfg = Debug|Any CPU
		{C6F8EE8D-3D17-46B2-9844-084E43AD48A4}.Debug|Any CPU.Build.0 = Debug|Any CPU
		{C6F8EE8D-3D17-46B2-9844-084E43AD48A4}.Debug|ARM.ActiveCfg = Debug|Any CPU
		{C6F8EE8D-3D17-46B2-9844-084E43AD48A4}.Debug|ARM.Build.0 = Debug|Any CPU
		{C6F8EE8D-3D17-46B2-9844-084E43AD48A4}.Debug|x64.ActiveCfg = Debug|Any CPU
		{C6F8EE8D-3D17-46B2-9844-084E43AD48A4}.Debug|x64.Build.0 = Debug|Any CPU
		{C6F8EE8D-3D17-46B2-9844-084E43AD48A4}.Debug|x86.ActiveCfg = Debug|Any CPU
		{C6F8EE8D-3D17-46B2-9844-084E43AD48A4}.Debug|x86.Build.0 = Debug|Any CPU
		{C6F8EE8D-3D17-46B2-9844-084E43AD48A4}.Release|Any CPU.ActiveCfg = Release|Any CPU
		{C6F8EE8D-3D17-46B2-9844-084E43AD48A4}.Release|Any CPU.Build.0 = Release|Any CPU
		{C6F8EE8D-3D17-46B2-9844-084E43AD48A4}.Release|ARM.ActiveCfg = Release|Any CPU
		{C6F8EE8D-3D17-46B2-9844-084E43AD48A4}.Release|ARM.Build.0 = Release|Any CPU
		{C6F8EE8D-3D17-46B2-9844-084E43AD48A4}.Release|x64.ActiveCfg = Release|Any CPU
		{C6F8EE8D-3D17-46B2-9844-084E43AD48A4}.Release|x64.Build.0 = Release|Any CPU
		{C6F8EE8D-3D17-46B2-9844-084E43AD48A4}.Release|x86.ActiveCfg = Release|Any CPU
		{C6F8EE8D-3D17-46B2-9844-084E43AD48A4}.Release|x86.Build.0 = Release|Any CPU
		{7ACDB1AD-8365-4C38-B28E-9B667B8D66EB}.Debug|Any CPU.ActiveCfg = Debug|Any CPU
		{7ACDB1AD-8365-4C38-B28E-9B667B8D66EB}.Debug|Any CPU.Build.0 = Debug|Any CPU
		{7ACDB1AD-8365-4C38-B28E-9B667B8D66EB}.Debug|ARM.ActiveCfg = Debug|Any CPU
		{7ACDB1AD-8365-4C38-B28E-9B667B8D66EB}.Debug|ARM.Build.0 = Debug|Any CPU
		{7ACDB1AD-8365-4C38-B28E-9B667B8D66EB}.Debug|x64.ActiveCfg = Debug|Any CPU
		{7ACDB1AD-8365-4C38-B28E-9B667B8D66EB}.Debug|x64.Build.0 = Debug|Any CPU
		{7ACDB1AD-8365-4C38-B28E-9B667B8D66EB}.Debug|x86.ActiveCfg = Debug|Any CPU
		{7ACDB1AD-8365-4C38-B28E-9B667B8D66EB}.Debug|x86.Build.0 = Debug|Any CPU
		{7ACDB1AD-8365-4C38-B28E-9B667B8D66EB}.Release|Any CPU.ActiveCfg = Release|Any CPU
		{7ACDB1AD-8365-4C38-B28E-9B667B8D66EB}.Release|Any CPU.Build.0 = Release|Any CPU
		{7ACDB1AD-8365-4C38-B28E-9B667B8D66EB}.Release|ARM.ActiveCfg = Release|Any CPU
		{7ACDB1AD-8365-4C38-B28E-9B667B8D66EB}.Release|ARM.Build.0 = Release|Any CPU
		{7ACDB1AD-8365-4C38-B28E-9B667B8D66EB}.Release|x64.ActiveCfg = Release|Any CPU
		{7ACDB1AD-8365-4C38-B28E-9B667B8D66EB}.Release|x64.Build.0 = Release|Any CPU
		{7ACDB1AD-8365-4C38-B28E-9B667B8D66EB}.Release|x86.ActiveCfg = Release|Any CPU
		{7ACDB1AD-8365-4C38-B28E-9B667B8D66EB}.Release|x86.Build.0 = Release|Any CPU
		{2C340E5B-096F-496B-B975-3E5440F3DB8E}.Debug|Any CPU.ActiveCfg = Debug|Any CPU
		{2C340E5B-096F-496B-B975-3E5440F3DB8E}.Debug|Any CPU.Build.0 = Debug|Any CPU
		{2C340E5B-096F-496B-B975-3E5440F3DB8E}.Debug|ARM.ActiveCfg = Debug|ARM
		{2C340E5B-096F-496B-B975-3E5440F3DB8E}.Debug|ARM.Build.0 = Debug|ARM
		{2C340E5B-096F-496B-B975-3E5440F3DB8E}.Debug|x64.ActiveCfg = Debug|x64
		{2C340E5B-096F-496B-B975-3E5440F3DB8E}.Debug|x64.Build.0 = Debug|x64
		{2C340E5B-096F-496B-B975-3E5440F3DB8E}.Debug|x86.ActiveCfg = Debug|x86
		{2C340E5B-096F-496B-B975-3E5440F3DB8E}.Debug|x86.Build.0 = Debug|x86
		{2C340E5B-096F-496B-B975-3E5440F3DB8E}.Release|Any CPU.ActiveCfg = Release|Any CPU
		{2C340E5B-096F-496B-B975-3E5440F3DB8E}.Release|Any CPU.Build.0 = Release|Any CPU
		{2C340E5B-096F-496B-B975-3E5440F3DB8E}.Release|ARM.ActiveCfg = Release|ARM
		{2C340E5B-096F-496B-B975-3E5440F3DB8E}.Release|ARM.Build.0 = Release|ARM
		{2C340E5B-096F-496B-B975-3E5440F3DB8E}.Release|x64.ActiveCfg = Release|x64
		{2C340E5B-096F-496B-B975-3E5440F3DB8E}.Release|x64.Build.0 = Release|x64
		{2C340E5B-096F-496B-B975-3E5440F3DB8E}.Release|x86.ActiveCfg = Release|x86
		{2C340E5B-096F-496B-B975-3E5440F3DB8E}.Release|x86.Build.0 = Release|x86
	EndGlobalSection
	GlobalSection(SolutionProperties) = preSolution
		HideSolutionNode = FALSE
	EndGlobalSection
EndGlobal
